// !$*UTF8*$!
{
	archiveVersion = 1;
	classes = {
	};
	objectVersion = 46;
	objects = {

/* Begin PBXBuildFile section */
		5A6DBB1514077FA800B51DB9 /* asyncimageview.m in Sources */ = {isa = PBXBuildFile; fileRef = 5A6DBB1314077FA700B51DB9 /* asyncimageview.m */; };
		5A6DBB1A1407A0E800B51DB9 /* BigProductSliderViewController.m in Sources */ = {isa = PBXBuildFile; fileRef = 5A6DBB171407A0E700B51DB9 /* BigProductSliderViewController.m */; };
		5A6DBB1B1407A0E800B51DB9 /* BigProductSliderViewController.xib in Resources */ = {isa = PBXBuildFile; fileRef = 5A6DBB181407A0E700B51DB9 /* BigProductSliderViewController.xib */; };
		5A971E3913DD6256008A19BE /* UIKit.framework in Frameworks */ = {isa = PBXBuildFile; fileRef = 5A971E3813DD6256008A19BE /* UIKit.framework */; };
		5A971E3B13DD6256008A19BE /* Foundation.framework in Frameworks */ = {isa = PBXBuildFile; fileRef = 5A971E3A13DD6256008A19BE /* Foundation.framework */; };
		5A971E3D13DD6256008A19BE /* CoreGraphics.framework in Frameworks */ = {isa = PBXBuildFile; fileRef = 5A971E3C13DD6256008A19BE /* CoreGraphics.framework */; };
		5A971E4313DD6256008A19BE /* InfoPlist.strings in Resources */ = {isa = PBXBuildFile; fileRef = 5A971E4113DD6256008A19BE /* InfoPlist.strings */; };
		5A971E4513DD6256008A19BE /* main.m in Sources */ = {isa = PBXBuildFile; fileRef = 5A971E4413DD6256008A19BE /* main.m */; };
		5A971E4913DD6256008A19BE /* ipcAppDelegate.m in Sources */ = {isa = PBXBuildFile; fileRef = 5A971E4813DD6256008A19BE /* ipcAppDelegate.m */; };
		5A971E4C13DD6256008A19BE /* MainWindow.xib in Resources */ = {isa = PBXBuildFile; fileRef = 5A971E4A13DD6256008A19BE /* MainWindow.xib */; };
		5A9C86AA13E7F38400DC35C9 /* small_home1.jpg in Resources */ = {isa = PBXBuildFile; fileRef = 5A9C86A913E7F38400DC35C9 /* small_home1.jpg */; };
		5A9C86AD13E7F3FE00DC35C9 /* small_home3.jpg in Resources */ = {isa = PBXBuildFile; fileRef = 5A9C86AC13E7F3FE00DC35C9 /* small_home3.jpg */; };
		5A9C86AF13E7F49200DC35C9 /* small_home4.jpg in Resources */ = {isa = PBXBuildFile; fileRef = 5A9C86AE13E7F49200DC35C9 /* small_home4.jpg */; };
		5A9C86B113E7F54900DC35C9 /* small_home2.jpg in Resources */ = {isa = PBXBuildFile; fileRef = 5A9C86B013E7F54900DC35C9 /* small_home2.jpg */; };
		5A9C86B513E8032800DC35C9 /* SubcategoryViewController.m in Sources */ = {isa = PBXBuildFile; fileRef = 5A9C86B313E8032800DC35C9 /* SubcategoryViewController.m */; };
		5A9C86B613E8032800DC35C9 /* SubcategoryViewController.xib in Resources */ = {isa = PBXBuildFile; fileRef = 5A9C86B413E8032800DC35C9 /* SubcategoryViewController.xib */; };
		5ABE446613E2B25E00D94130 /* 2308.jpg in Resources */ = {isa = PBXBuildFile; fileRef = 5ABE446513E2B25E00D94130 /* 2308.jpg */; };
		5AC734FC14088AE200CD91B0 /* sub_category4.png in Resources */ = {isa = PBXBuildFile; fileRef = 5AC734FB14088AE200CD91B0 /* sub_category4.png */; };
		5AC734FF1408906200CD91B0 /* sub_category12.png in Resources */ = {isa = PBXBuildFile; fileRef = 5AC734FE1408906200CD91B0 /* sub_category12.png */; };
		5AC735011408919900CD91B0 /* sub_category10.png in Resources */ = {isa = PBXBuildFile; fileRef = 5AC735001408919900CD91B0 /* sub_category10.png */; };
		5AC73503140892B300CD91B0 /* sub_category7.png in Resources */ = {isa = PBXBuildFile; fileRef = 5AC73502140892B300CD91B0 /* sub_category7.png */; };
		5AC73505140893CB00CD91B0 /* sub_category11.png in Resources */ = {isa = PBXBuildFile; fileRef = 5AC73504140893CB00CD91B0 /* sub_category11.png */; };
		5AC735071408947600CD91B0 /* sub_category8.png in Resources */ = {isa = PBXBuildFile; fileRef = 5AC735061408947600CD91B0 /* sub_category8.png */; };
		5AC7350B140898F700CD91B0 /* sub_category13.png in Resources */ = {isa = PBXBuildFile; fileRef = 5AC73508140898F700CD91B0 /* sub_category13.png */; };
		5AC7350C140898F700CD91B0 /* sub_category15.png in Resources */ = {isa = PBXBuildFile; fileRef = 5AC73509140898F700CD91B0 /* sub_category15.png */; };
		5AC7350D140898F700CD91B0 /* sub_category16.png in Resources */ = {isa = PBXBuildFile; fileRef = 5AC7350A140898F700CD91B0 /* sub_category16.png */; };
		5AC7350F14089A7A00CD91B0 /* sub_category9.png in Resources */ = {isa = PBXBuildFile; fileRef = 5AC7350E14089A7A00CD91B0 /* sub_category9.png */; };
		5AC7351114089BFA00CD91B0 /* sub_category14.png in Resources */ = {isa = PBXBuildFile; fileRef = 5AC7351014089BFA00CD91B0 /* sub_category14.png */; };
		5AC7351314089C9900CD91B0 /* sub_category6.png in Resources */ = {isa = PBXBuildFile; fileRef = 5AC7351214089C9900CD91B0 /* sub_category6.png */; };
		5AC7351514089E9700CD91B0 /* sub_category5.png in Resources */ = {isa = PBXBuildFile; fileRef = 5AC7351414089E9700CD91B0 /* sub_category5.png */; };
		5AD6E88114048CD500620CAA /* sub_category3.png in Resources */ = {isa = PBXBuildFile; fileRef = 5AD6E88014048CD500620CAA /* sub_category3.png */; };
		5AD6E88E1404E7D300620CAA /* WebViewController.m in Sources */ = {isa = PBXBuildFile; fileRef = 5AD6E88C1404E7D200620CAA /* WebViewController.m */; };
		5AD6E88F1404E7D300620CAA /* WebViewController.xib in Resources */ = {isa = PBXBuildFile; fileRef = 5AD6E88D1404E7D300620CAA /* WebViewController.xib */; };
		5ADB1479140381DE009628FC /* ProductsDetailsSliderViewController.m in Sources */ = {isa = PBXBuildFile; fileRef = 5ADB1477140381DE009628FC /* ProductsDetailsSliderViewController.m */; };
		5ADB147A140381DE009628FC /* ProductsDetailsSliderViewController.xib in Resources */ = {isa = PBXBuildFile; fileRef = 5ADB1478140381DE009628FC /* ProductsDetailsSliderViewController.xib */; };
		5ADB147C14038DDE009628FC /* san_pham1a.png in Resources */ = {isa = PBXBuildFile; fileRef = 5ADB147B14038DDE009628FC /* san_pham1a.png */; };
		5ADB14821403BAE3009628FC /* sub_category2.png in Resources */ = {isa = PBXBuildFile; fileRef = 5ADB14811403BAE3009628FC /* sub_category2.png */; };
		5AE6A90013E7DA0000A292BD /* big_home.jpg in Resources */ = {isa = PBXBuildFile; fileRef = 5AE6A8FF13E7DA0000A292BD /* big_home.jpg */; };
		5AE7667D13DE586700209326 /* lion_big.png in Resources */ = {isa = PBXBuildFile; fileRef = 5AE7667C13DE586700209326 /* lion_big.png */; };
		5AE7668813DE727000209326 /* image1.png in Resources */ = {isa = PBXBuildFile; fileRef = 5AE7667E13DE726C00209326 /* image1.png */; };
		5AE7668913DE727000209326 /* image2.png in Resources */ = {isa = PBXBuildFile; fileRef = 5AE7667F13DE726C00209326 /* image2.png */; };
		5AE7668A13DE727000209326 /* image3.png in Resources */ = {isa = PBXBuildFile; fileRef = 5AE7668013DE726D00209326 /* image3.png */; };
		5AE7668B13DE727000209326 /* image4.png in Resources */ = {isa = PBXBuildFile; fileRef = 5AE7668113DE726D00209326 /* image4.png */; };
		5AE7668C13DE727000209326 /* image5.png in Resources */ = {isa = PBXBuildFile; fileRef = 5AE7668213DE726E00209326 /* image5.png */; };
		5AE7668D13DE727000209326 /* image6.png in Resources */ = {isa = PBXBuildFile; fileRef = 5AE7668313DE726E00209326 /* image6.png */; };
		5AE7668E13DE727000209326 /* image7.png in Resources */ = {isa = PBXBuildFile; fileRef = 5AE7668413DE726E00209326 /* image7.png */; };
		5AE7668F13DE727000209326 /* image.png in Resources */ = {isa = PBXBuildFile; fileRef = 5AE7668513DE726F00209326 /* image.png */; };
		5AE7669013DE727000209326 /* image9.png in Resources */ = {isa = PBXBuildFile; fileRef = 5AE7668613DE726F00209326 /* image9.png */; };
		5AE7669113DE727000209326 /* image8.png in Resources */ = {isa = PBXBuildFile; fileRef = 5AE7668713DE727000209326 /* image8.png */; };
		5AF53EBC13E63F5B0031E56C /* HomeViewController.m in Sources */ = {isa = PBXBuildFile; fileRef = 5AF53EBA13E63F5B0031E56C /* HomeViewController.m */; };
		5AF53EBD13E63F5B0031E56C /* HomeViewController.xib in Resources */ = {isa = PBXBuildFile; fileRef = 5AF53EBB13E63F5B0031E56C /* HomeViewController.xib */; };
		5AF9528013E8E80700BF9D87 /* sub_category1.png in Resources */ = {isa = PBXBuildFile; fileRef = 5AF9527F13E8E80700BF9D87 /* sub_category1.png */; };
		5AF9528513E8EFE800BF9D87 /* ProductSliderViewController.m in Sources */ = {isa = PBXBuildFile; fileRef = 5AF9528313E8EFE800BF9D87 /* ProductSliderViewController.m */; };
		5AF9528613E8EFE800BF9D87 /* ProductSliderViewController.xib in Resources */ = {isa = PBXBuildFile; fileRef = 5AF9528413E8EFE800BF9D87 /* ProductSliderViewController.xib */; };
		5AF9528813E8F9F500BF9D87 /* san_pham1.jpg in Resources */ = {isa = PBXBuildFile; fileRef = 5AF9528713E8F9F500BF9D87 /* san_pham1.jpg */; };
		F22BAC2C14161C6E00E1A73C /* HttpRequest.m in Sources */ = {isa = PBXBuildFile; fileRef = F22BAC2514161C6D00E1A73C /* HttpRequest.m */; };
		F22BAC2D14161C6E00E1A73C /* ApplicationService.m in Sources */ = {isa = PBXBuildFile; fileRef = F22BAC2714161C6E00E1A73C /* ApplicationService.m */; };
		F22BAC2E14161C6E00E1A73C /* BaseXMLHandler.m in Sources */ = {isa = PBXBuildFile; fileRef = F22BAC2914161C6E00E1A73C /* BaseXMLHandler.m */; };
		F22BAC4014162A2100E1A73C /* CategoryXMLHandler.m in Sources */ = {isa = PBXBuildFile; fileRef = F22BAC3F14162A2100E1A73C /* CategoryXMLHandler.m */; };
		F238C846140C9F40007C83CD /* 19-gear.png in Resources */ = {isa = PBXBuildFile; fileRef = F238C845140C9F40007C83CD /* 19-gear.png */; };
		F238C849140C9F4F007C83CD /* 07-map-marker.png in Resources */ = {isa = PBXBuildFile; fileRef = F238C848140C9F4F007C83CD /* 07-map-marker.png */; };
		F238C854140CD43F007C83CD /* MyPopOverView.m in Sources */ = {isa = PBXBuildFile; fileRef = F238C853140CD43F007C83CD /* MyPopOverView.m */; };
		F238C856140CD73A007C83CD /* MyPopOverView.xib in Resources */ = {isa = PBXBuildFile; fileRef = F238C855140CD73A007C83CD /* MyPopOverView.xib */; };
		F26E7E2E142890F7007E803B /* CoreData.framework in Frameworks */ = {isa = PBXBuildFile; fileRef = F26E7E2D142890F7007E803B /* CoreData.framework */; };
		F28DC2981429C1ED0094C6D9 /* DataService.m in Sources */ = {isa = PBXBuildFile; fileRef = F28DC2971429C1ED0094C6D9 /* DataService.m */; };
		F28DC29D1429C7A90094C6D9 /* FavouriteViewController.m in Sources */ = {isa = PBXBuildFile; fileRef = F28DC29B1429C7A80094C6D9 /* FavouriteViewController.m */; };
		F28DC29E1429C7A90094C6D9 /* FavouriteViewController.xib in Resources */ = {isa = PBXBuildFile; fileRef = F28DC29C1429C7A90094C6D9 /* FavouriteViewController.xib */; };
		F28DC2A11429CE380094C6D9 /* Favourite.xcdatamodeld in Sources */ = {isa = PBXBuildFile; fileRef = F28DC29F1429CE380094C6D9 /* Favourite.xcdatamodeld */; };
		F28DC2AA1429DDD00094C6D9 /* Testing.m in Sources */ = {isa = PBXBuildFile; fileRef = F28DC2A91429DDD00094C6D9 /* Testing.m */; };
		F292273F1428706300C0368A /* ipc.png in Resources */ = {isa = PBXBuildFile; fileRef = F292273E1428706300C0368A /* ipc.png */; };
		F299FD7A140C7EE1003E64E2 /* 53-house.png in Resources */ = {isa = PBXBuildFile; fileRef = F299FD79140C7EE1003E64E2 /* 53-house.png */; };
		F299FD7D140C80D5003E64E2 /* 29-heart.png in Resources */ = {isa = PBXBuildFile; fileRef = F299FD7C140C80D5003E64E2 /* 29-heart.png */; };
		F299FD7F140C80F7003E64E2 /* 157-wrench.png in Resources */ = {isa = PBXBuildFile; fileRef = F299FD7E140C80F7003E64E2 /* 157-wrench.png */; };
		F299FD81140C8145003E64E2 /* 28-star.png in Resources */ = {isa = PBXBuildFile; fileRef = F299FD80140C8145003E64E2 /* 28-star.png */; };
		F299FD83140C81A8003E64E2 /* 171-sun.png in Resources */ = {isa = PBXBuildFile; fileRef = F299FD82140C81A8003E64E2 /* 171-sun.png */; };
		F29B49C5140B9584007265D7 /* loading.gif in Resources */ = {isa = PBXBuildFile; fileRef = F29B49C4140B9584007265D7 /* loading.gif */; };
		F29B49CD140B9A59007265D7 /* loading1.gif in Resources */ = {isa = PBXBuildFile; fileRef = F29B49C7140B9A59007265D7 /* loading1.gif */; };
		F29B49CE140B9A59007265D7 /* loading2.gif in Resources */ = {isa = PBXBuildFile; fileRef = F29B49C8140B9A59007265D7 /* loading2.gif */; };
		F29B49CF140B9A59007265D7 /* loading3.gif in Resources */ = {isa = PBXBuildFile; fileRef = F29B49C9140B9A59007265D7 /* loading3.gif */; };
		F29B49D0140B9A59007265D7 /* loading4.gif in Resources */ = {isa = PBXBuildFile; fileRef = F29B49CA140B9A59007265D7 /* loading4.gif */; };
		F29B49D1140B9A59007265D7 /* loading5.gif in Resources */ = {isa = PBXBuildFile; fileRef = F29B49CB140B9A59007265D7 /* loading5.gif */; };
		F29B49D2140B9A59007265D7 /* loading6.gif in Resources */ = {isa = PBXBuildFile; fileRef = F29B49CC140B9A59007265D7 /* loading6.gif */; };
		F2A0500E141874BB00FD11F9 /* TypeXMLHandler.m in Sources */ = {isa = PBXBuildFile; fileRef = F2A0500D141874BB00FD11F9 /* TypeXMLHandler.m */; };
		F2A0501714187EE000FD11F9 /* StoreXMLHandler.m in Sources */ = {isa = PBXBuildFile; fileRef = F2A0501614187EE000FD11F9 /* StoreXMLHandler.m */; };
		F2A0501A1418A13400FD11F9 /* BrandXMLHandler.m in Sources */ = {isa = PBXBuildFile; fileRef = F2A050191418A12B00FD11F9 /* BrandXMLHandler.m */; };
		F2A050231418B6E200FD11F9 /* ProductXMLHandler.m in Sources */ = {isa = PBXBuildFile; fileRef = F2A050221418B6E100FD11F9 /* ProductXMLHandler.m */; };
		F2CC192E142C65040088C97A /* Brand.m in Sources */ = {isa = PBXBuildFile; fileRef = F2CC1925142C65040088C97A /* Brand.m */; };
		F2CC192F142C65040088C97A /* Category.m in Sources */ = {isa = PBXBuildFile; fileRef = F2CC1927142C65040088C97A /* Category.m */; };
		F2CC1930142C65040088C97A /* Product.m in Sources */ = {isa = PBXBuildFile; fileRef = F2CC1929142C65040088C97A /* Product.m */; };
		F2CC1931142C65040088C97A /* Store.m in Sources */ = {isa = PBXBuildFile; fileRef = F2CC192B142C65040088C97A /* Store.m */; };
		F2CC1932142C65040088C97A /* Type.m in Sources */ = {isa = PBXBuildFile; fileRef = F2CC192D142C65040088C97A /* Type.m */; };
		F2CC1935142C65960088C97A /* FStore.m in Sources */ = {isa = PBXBuildFile; fileRef = F2CC1934142C65960088C97A /* FStore.m */; };
		F2CC1938142C65960088C97A /* FCategory.m in Sources */ = {isa = PBXBuildFile; fileRef = F2CC1937142C65960088C97A /* FCategory.m */; };
		F2CC193B142C65960088C97A /* FBrand.m in Sources */ = {isa = PBXBuildFile; fileRef = F2CC193A142C65960088C97A /* FBrand.m */; };
		F2CC193E142C65960088C97A /* FType.m in Sources */ = {isa = PBXBuildFile; fileRef = F2CC193D142C65960088C97A /* FType.m */; };
		F2CC1941142C65A60088C97A /* FProduct.m in Sources */ = {isa = PBXBuildFile; fileRef = F2CC1940142C65A60088C97A /* FProduct.m */; };
/* End PBXBuildFile section */

/* Begin PBXFileReference section */
		5A6DBB1314077FA700B51DB9 /* asyncimageview.m */ = {isa = PBXFileReference; fileEncoding = 4; lastKnownFileType = sourcecode.c.objc; path = asyncimageview.m; sourceTree = "<group>"; };
		5A6DBB1414077FA700B51DB9 /* asyncimageview.h */ = {isa = PBXFileReference; fileEncoding = 4; lastKnownFileType = sourcecode.c.h; path = asyncimageview.h; sourceTree = "<group>"; };
		5A6DBB171407A0E700B51DB9 /* BigProductSliderViewController.m */ = {isa = PBXFileReference; fileEncoding = 4; lastKnownFileType = sourcecode.c.objc; path = BigProductSliderViewController.m; sourceTree = "<group>"; };
		5A6DBB181407A0E700B51DB9 /* BigProductSliderViewController.xib */ = {isa = PBXFileReference; fileEncoding = 4; lastKnownFileType = file.xib; path = BigProductSliderViewController.xib; sourceTree = "<group>"; };
		5A6DBB191407A0E700B51DB9 /* BigProductSliderViewController.h */ = {isa = PBXFileReference; fileEncoding = 4; lastKnownFileType = sourcecode.c.h; path = BigProductSliderViewController.h; sourceTree = "<group>"; };
		5A971E3413DD6256008A19BE /* ipc.app */ = {isa = PBXFileReference; explicitFileType = wrapper.application; includeInIndex = 0; path = ipc.app; sourceTree = BUILT_PRODUCTS_DIR; };
		5A971E3813DD6256008A19BE /* UIKit.framework */ = {isa = PBXFileReference; lastKnownFileType = wrapper.framework; name = UIKit.framework; path = System/Library/Frameworks/UIKit.framework; sourceTree = SDKROOT; };
		5A971E3A13DD6256008A19BE /* Foundation.framework */ = {isa = PBXFileReference; lastKnownFileType = wrapper.framework; name = Foundation.framework; path = System/Library/Frameworks/Foundation.framework; sourceTree = SDKROOT; };
		5A971E3C13DD6256008A19BE /* CoreGraphics.framework */ = {isa = PBXFileReference; lastKnownFileType = wrapper.framework; name = CoreGraphics.framework; path = System/Library/Frameworks/CoreGraphics.framework; sourceTree = SDKROOT; };
		5A971E4013DD6256008A19BE /* ipc-Info.plist */ = {isa = PBXFileReference; lastKnownFileType = text.plist.xml; path = "ipc-Info.plist"; sourceTree = "<group>"; };
		5A971E4213DD6256008A19BE /* en */ = {isa = PBXFileReference; lastKnownFileType = text.plist.strings; name = en; path = en.lproj/InfoPlist.strings; sourceTree = "<group>"; };
		5A971E4413DD6256008A19BE /* main.m */ = {isa = PBXFileReference; lastKnownFileType = sourcecode.c.objc; path = main.m; sourceTree = "<group>"; };
		5A971E4613DD6256008A19BE /* ipc-Prefix.pch */ = {isa = PBXFileReference; lastKnownFileType = sourcecode.c.h; path = "ipc-Prefix.pch"; sourceTree = "<group>"; };
		5A971E4713DD6256008A19BE /* ipcAppDelegate.h */ = {isa = PBXFileReference; lastKnownFileType = sourcecode.c.h; path = ipcAppDelegate.h; sourceTree = "<group>"; };
		5A971E4813DD6256008A19BE /* ipcAppDelegate.m */ = {isa = PBXFileReference; lastKnownFileType = sourcecode.c.objc; path = ipcAppDelegate.m; sourceTree = "<group>"; };
		5A971E4B13DD6256008A19BE /* en */ = {isa = PBXFileReference; lastKnownFileType = file.xib; name = en; path = en.lproj/MainWindow.xib; sourceTree = "<group>"; };
		5A971E5F13DD6256008A19BE /* SenTestingKit.framework */ = {isa = PBXFileReference; lastKnownFileType = wrapper.framework; name = SenTestingKit.framework; path = Library/Frameworks/SenTestingKit.framework; sourceTree = DEVELOPER_DIR; };
		5A9C86A913E7F38400DC35C9 /* small_home1.jpg */ = {isa = PBXFileReference; lastKnownFileType = image.jpeg; path = small_home1.jpg; sourceTree = "<group>"; };
		5A9C86AC13E7F3FE00DC35C9 /* small_home3.jpg */ = {isa = PBXFileReference; lastKnownFileType = image.jpeg; path = small_home3.jpg; sourceTree = "<group>"; };
		5A9C86AE13E7F49200DC35C9 /* small_home4.jpg */ = {isa = PBXFileReference; lastKnownFileType = image.jpeg; path = small_home4.jpg; sourceTree = "<group>"; };
		5A9C86B013E7F54900DC35C9 /* small_home2.jpg */ = {isa = PBXFileReference; lastKnownFileType = image.jpeg; path = small_home2.jpg; sourceTree = "<group>"; };
		5A9C86B213E8032800DC35C9 /* SubcategoryViewController.h */ = {isa = PBXFileReference; fileEncoding = 4; lastKnownFileType = sourcecode.c.h; path = SubcategoryViewController.h; sourceTree = "<group>"; };
		5A9C86B313E8032800DC35C9 /* SubcategoryViewController.m */ = {isa = PBXFileReference; fileEncoding = 4; lastKnownFileType = sourcecode.c.objc; path = SubcategoryViewController.m; sourceTree = "<group>"; };
		5A9C86B413E8032800DC35C9 /* SubcategoryViewController.xib */ = {isa = PBXFileReference; fileEncoding = 4; lastKnownFileType = file.xib; path = SubcategoryViewController.xib; sourceTree = "<group>"; };
		5ABE446513E2B25E00D94130 /* 2308.jpg */ = {isa = PBXFileReference; lastKnownFileType = image.jpeg; path = 2308.jpg; sourceTree = "<group>"; };
		5AC734FB14088AE200CD91B0 /* sub_category4.png */ = {isa = PBXFileReference; lastKnownFileType = image.png; path = sub_category4.png; sourceTree = "<group>"; };
		5AC734FE1408906200CD91B0 /* sub_category12.png */ = {isa = PBXFileReference; lastKnownFileType = image.png; path = sub_category12.png; sourceTree = "<group>"; };
		5AC735001408919900CD91B0 /* sub_category10.png */ = {isa = PBXFileReference; lastKnownFileType = image.png; path = sub_category10.png; sourceTree = "<group>"; };
		5AC73502140892B300CD91B0 /* sub_category7.png */ = {isa = PBXFileReference; lastKnownFileType = image.png; path = sub_category7.png; sourceTree = "<group>"; };
		5AC73504140893CB00CD91B0 /* sub_category11.png */ = {isa = PBXFileReference; lastKnownFileType = image.png; path = sub_category11.png; sourceTree = "<group>"; };
		5AC735061408947600CD91B0 /* sub_category8.png */ = {isa = PBXFileReference; lastKnownFileType = image.png; path = sub_category8.png; sourceTree = "<group>"; };
		5AC73508140898F700CD91B0 /* sub_category13.png */ = {isa = PBXFileReference; lastKnownFileType = image.png; path = sub_category13.png; sourceTree = "<group>"; };
		5AC73509140898F700CD91B0 /* sub_category15.png */ = {isa = PBXFileReference; lastKnownFileType = image.png; path = sub_category15.png; sourceTree = "<group>"; };
		5AC7350A140898F700CD91B0 /* sub_category16.png */ = {isa = PBXFileReference; lastKnownFileType = image.png; path = sub_category16.png; sourceTree = "<group>"; };
		5AC7350E14089A7A00CD91B0 /* sub_category9.png */ = {isa = PBXFileReference; lastKnownFileType = image.png; path = sub_category9.png; sourceTree = "<group>"; };
		5AC7351014089BFA00CD91B0 /* sub_category14.png */ = {isa = PBXFileReference; lastKnownFileType = image.png; path = sub_category14.png; sourceTree = "<group>"; };
		5AC7351214089C9900CD91B0 /* sub_category6.png */ = {isa = PBXFileReference; lastKnownFileType = image.png; path = sub_category6.png; sourceTree = "<group>"; };
		5AC7351414089E9700CD91B0 /* sub_category5.png */ = {isa = PBXFileReference; lastKnownFileType = image.png; path = sub_category5.png; sourceTree = "<group>"; };
		5AD6E88014048CD500620CAA /* sub_category3.png */ = {isa = PBXFileReference; lastKnownFileType = image.png; path = sub_category3.png; sourceTree = "<group>"; };
		5AD6E88B1404E7D100620CAA /* WebViewController.h */ = {isa = PBXFileReference; fileEncoding = 4; lastKnownFileType = sourcecode.c.h; path = WebViewController.h; sourceTree = "<group>"; };
		5AD6E88C1404E7D200620CAA /* WebViewController.m */ = {isa = PBXFileReference; fileEncoding = 4; lastKnownFileType = sourcecode.c.objc; path = WebViewController.m; sourceTree = "<group>"; };
		5AD6E88D1404E7D300620CAA /* WebViewController.xib */ = {isa = PBXFileReference; fileEncoding = 4; lastKnownFileType = file.xib; path = WebViewController.xib; sourceTree = "<group>"; };
		5ADB1476140381DE009628FC /* ProductsDetailsSliderViewController.h */ = {isa = PBXFileReference; fileEncoding = 4; lastKnownFileType = sourcecode.c.h; path = ProductsDetailsSliderViewController.h; sourceTree = "<group>"; };
		5ADB1477140381DE009628FC /* ProductsDetailsSliderViewController.m */ = {isa = PBXFileReference; fileEncoding = 4; lastKnownFileType = sourcecode.c.objc; path = ProductsDetailsSliderViewController.m; sourceTree = "<group>"; };
		5ADB1478140381DE009628FC /* ProductsDetailsSliderViewController.xib */ = {isa = PBXFileReference; fileEncoding = 4; lastKnownFileType = file.xib; path = ProductsDetailsSliderViewController.xib; sourceTree = "<group>"; };
		5ADB147B14038DDE009628FC /* san_pham1a.png */ = {isa = PBXFileReference; lastKnownFileType = image.png; path = san_pham1a.png; sourceTree = "<group>"; };
		5ADB14811403BAE3009628FC /* sub_category2.png */ = {isa = PBXFileReference; lastKnownFileType = image.png; path = sub_category2.png; sourceTree = "<group>"; };
		5AE6A8FF13E7DA0000A292BD /* big_home.jpg */ = {isa = PBXFileReference; lastKnownFileType = image.jpeg; path = big_home.jpg; sourceTree = "<group>"; };
		5AE7667C13DE586700209326 /* lion_big.png */ = {isa = PBXFileReference; lastKnownFileType = image.png; path = lion_big.png; sourceTree = "<group>"; };
		5AE7667E13DE726C00209326 /* image1.png */ = {isa = PBXFileReference; lastKnownFileType = image.png; path = image1.png; sourceTree = "<group>"; };
		5AE7667F13DE726C00209326 /* image2.png */ = {isa = PBXFileReference; lastKnownFileType = image.png; path = image2.png; sourceTree = "<group>"; };
		5AE7668013DE726D00209326 /* image3.png */ = {isa = PBXFileReference; lastKnownFileType = image.png; path = image3.png; sourceTree = "<group>"; };
		5AE7668113DE726D00209326 /* image4.png */ = {isa = PBXFileReference; lastKnownFileType = image.png; path = image4.png; sourceTree = "<group>"; };
		5AE7668213DE726E00209326 /* image5.png */ = {isa = PBXFileReference; lastKnownFileType = image.png; path = image5.png; sourceTree = "<group>"; };
		5AE7668313DE726E00209326 /* image6.png */ = {isa = PBXFileReference; lastKnownFileType = image.png; path = image6.png; sourceTree = "<group>"; };
		5AE7668413DE726E00209326 /* image7.png */ = {isa = PBXFileReference; lastKnownFileType = image.png; path = image7.png; sourceTree = "<group>"; };
		5AE7668513DE726F00209326 /* image.png */ = {isa = PBXFileReference; lastKnownFileType = image.png; path = image.png; sourceTree = "<group>"; };
		5AE7668613DE726F00209326 /* image9.png */ = {isa = PBXFileReference; lastKnownFileType = image.png; path = image9.png; sourceTree = "<group>"; };
		5AE7668713DE727000209326 /* image8.png */ = {isa = PBXFileReference; lastKnownFileType = image.png; path = image8.png; sourceTree = "<group>"; };
		5AF53EB913E63F5B0031E56C /* HomeViewController.h */ = {isa = PBXFileReference; fileEncoding = 4; lastKnownFileType = sourcecode.c.h; path = HomeViewController.h; sourceTree = "<group>"; };
		5AF53EBA13E63F5B0031E56C /* HomeViewController.m */ = {isa = PBXFileReference; fileEncoding = 4; lastKnownFileType = sourcecode.c.objc; path = HomeViewController.m; sourceTree = "<group>"; };
		5AF53EBB13E63F5B0031E56C /* HomeViewController.xib */ = {isa = PBXFileReference; fileEncoding = 4; lastKnownFileType = file.xib; path = HomeViewController.xib; sourceTree = "<group>"; };
		5AF9527F13E8E80700BF9D87 /* sub_category1.png */ = {isa = PBXFileReference; lastKnownFileType = image.png; path = sub_category1.png; sourceTree = "<group>"; };
		5AF9528213E8EFE800BF9D87 /* ProductSliderViewController.h */ = {isa = PBXFileReference; fileEncoding = 4; lastKnownFileType = sourcecode.c.h; path = ProductSliderViewController.h; sourceTree = "<group>"; };
		5AF9528313E8EFE800BF9D87 /* ProductSliderViewController.m */ = {isa = PBXFileReference; fileEncoding = 4; lastKnownFileType = sourcecode.c.objc; path = ProductSliderViewController.m; sourceTree = "<group>"; };
		5AF9528413E8EFE800BF9D87 /* ProductSliderViewController.xib */ = {isa = PBXFileReference; fileEncoding = 4; lastKnownFileType = file.xib; path = ProductSliderViewController.xib; sourceTree = "<group>"; };
		5AF9528713E8F9F500BF9D87 /* san_pham1.jpg */ = {isa = PBXFileReference; lastKnownFileType = image.jpeg; path = san_pham1.jpg; sourceTree = "<group>"; };
		F22BAC2414161C6D00E1A73C /* HttpRequest.h */ = {isa = PBXFileReference; fileEncoding = 4; lastKnownFileType = sourcecode.c.h; path = HttpRequest.h; sourceTree = "<group>"; };
		F22BAC2514161C6D00E1A73C /* HttpRequest.m */ = {isa = PBXFileReference; fileEncoding = 4; lastKnownFileType = sourcecode.c.objc; path = HttpRequest.m; sourceTree = "<group>"; };
		F22BAC2614161C6D00E1A73C /* ApplicationService.h */ = {isa = PBXFileReference; fileEncoding = 4; lastKnownFileType = sourcecode.c.h; path = ApplicationService.h; sourceTree = "<group>"; };
		F22BAC2714161C6E00E1A73C /* ApplicationService.m */ = {isa = PBXFileReference; fileEncoding = 4; lastKnownFileType = sourcecode.c.objc; path = ApplicationService.m; sourceTree = "<group>"; };
		F22BAC2814161C6E00E1A73C /* BaseXMLHandler.h */ = {isa = PBXFileReference; fileEncoding = 4; lastKnownFileType = sourcecode.c.h; path = BaseXMLHandler.h; sourceTree = "<group>"; };
		F22BAC2914161C6E00E1A73C /* BaseXMLHandler.m */ = {isa = PBXFileReference; fileEncoding = 4; lastKnownFileType = sourcecode.c.objc; path = BaseXMLHandler.m; sourceTree = "<group>"; };
		F22BAC3914161E8700E1A73C /* ipcGlobal.h */ = {isa = PBXFileReference; fileEncoding = 4; lastKnownFileType = sourcecode.c.h; path = ipcGlobal.h; sourceTree = "<group>"; };
		F22BAC3E14162A2000E1A73C /* CategoryXMLHandler.h */ = {isa = PBXFileReference; fileEncoding = 4; lastKnownFileType = sourcecode.c.h; path = CategoryXMLHandler.h; sourceTree = "<group>"; };
		F22BAC3F14162A2100E1A73C /* CategoryXMLHandler.m */ = {isa = PBXFileReference; fileEncoding = 4; lastKnownFileType = sourcecode.c.objc; path = CategoryXMLHandler.m; sourceTree = "<group>"; };
		F238C845140C9F40007C83CD /* 19-gear.png */ = {isa = PBXFileReference; lastKnownFileType = image.png; path = "19-gear.png"; sourceTree = "<group>"; };
		F238C848140C9F4F007C83CD /* 07-map-marker.png */ = {isa = PBXFileReference; lastKnownFileType = image.png; path = "07-map-marker.png"; sourceTree = "<group>"; };
		F238C852140CD43E007C83CD /* MyPopOverView.h */ = {isa = PBXFileReference; fileEncoding = 4; lastKnownFileType = sourcecode.c.h; path = MyPopOverView.h; sourceTree = "<group>"; };
		F238C853140CD43F007C83CD /* MyPopOverView.m */ = {isa = PBXFileReference; fileEncoding = 4; lastKnownFileType = sourcecode.c.objc; path = MyPopOverView.m; sourceTree = "<group>"; };
		F238C855140CD73A007C83CD /* MyPopOverView.xib */ = {isa = PBXFileReference; fileEncoding = 4; lastKnownFileType = file.xib; path = MyPopOverView.xib; sourceTree = "<group>"; };
		F26E7E2D142890F7007E803B /* CoreData.framework */ = {isa = PBXFileReference; lastKnownFileType = wrapper.framework; name = CoreData.framework; path = System/Library/Frameworks/CoreData.framework; sourceTree = SDKROOT; };
		F28DC2961429C1ED0094C6D9 /* DataService.h */ = {isa = PBXFileReference; fileEncoding = 4; lastKnownFileType = sourcecode.c.h; path = DataService.h; sourceTree = "<group>"; };
		F28DC2971429C1ED0094C6D9 /* DataService.m */ = {isa = PBXFileReference; fileEncoding = 4; lastKnownFileType = sourcecode.c.objc; path = DataService.m; sourceTree = "<group>"; };
		F28DC29A1429C7A80094C6D9 /* FavouriteViewController.h */ = {isa = PBXFileReference; fileEncoding = 4; lastKnownFileType = sourcecode.c.h; path = FavouriteViewController.h; sourceTree = "<group>"; };
		F28DC29B1429C7A80094C6D9 /* FavouriteViewController.m */ = {isa = PBXFileReference; fileEncoding = 4; lastKnownFileType = sourcecode.c.objc; path = FavouriteViewController.m; sourceTree = "<group>"; };
		F28DC29C1429C7A90094C6D9 /* FavouriteViewController.xib */ = {isa = PBXFileReference; fileEncoding = 4; lastKnownFileType = file.xib; path = FavouriteViewController.xib; sourceTree = "<group>"; };
		F28DC2A01429CE380094C6D9 /* Favourite.xcdatamodel */ = {isa = PBXFileReference; lastKnownFileType = wrapper.xcdatamodel; path = Favourite.xcdatamodel; sourceTree = "<group>"; };
		F28DC2A81429DDD00094C6D9 /* Testing.h */ = {isa = PBXFileReference; fileEncoding = 4; lastKnownFileType = sourcecode.c.h; path = Testing.h; sourceTree = "<group>"; };
		F28DC2A91429DDD00094C6D9 /* Testing.m */ = {isa = PBXFileReference; fileEncoding = 4; lastKnownFileType = sourcecode.c.objc; path = Testing.m; sourceTree = "<group>"; };
		F292273E1428706300C0368A /* ipc.png */ = {isa = PBXFileReference; lastKnownFileType = image.png; path = ipc.png; sourceTree = "<group>"; };
		F299FD79140C7EE1003E64E2 /* 53-house.png */ = {isa = PBXFileReference; lastKnownFileType = image.png; path = "53-house.png"; sourceTree = "<group>"; };
		F299FD7C140C80D5003E64E2 /* 29-heart.png */ = {isa = PBXFileReference; lastKnownFileType = image.png; path = "29-heart.png"; sourceTree = "<group>"; };
		F299FD7E140C80F7003E64E2 /* 157-wrench.png */ = {isa = PBXFileReference; lastKnownFileType = image.png; path = "157-wrench.png"; sourceTree = "<group>"; };
		F299FD80140C8145003E64E2 /* 28-star.png */ = {isa = PBXFileReference; lastKnownFileType = image.png; path = "28-star.png"; sourceTree = "<group>"; };
		F299FD82140C81A8003E64E2 /* 171-sun.png */ = {isa = PBXFileReference; lastKnownFileType = image.png; path = "171-sun.png"; sourceTree = "<group>"; };
		F29B49C4140B9584007265D7 /* loading.gif */ = {isa = PBXFileReference; lastKnownFileType = image.gif; path = loading.gif; sourceTree = "<group>"; };
		F29B49C7140B9A59007265D7 /* loading1.gif */ = {isa = PBXFileReference; lastKnownFileType = image.gif; path = loading1.gif; sourceTree = "<group>"; };
		F29B49C8140B9A59007265D7 /* loading2.gif */ = {isa = PBXFileReference; lastKnownFileType = image.gif; path = loading2.gif; sourceTree = "<group>"; };
		F29B49C9140B9A59007265D7 /* loading3.gif */ = {isa = PBXFileReference; lastKnownFileType = image.gif; path = loading3.gif; sourceTree = "<group>"; };
		F29B49CA140B9A59007265D7 /* loading4.gif */ = {isa = PBXFileReference; lastKnownFileType = image.gif; path = loading4.gif; sourceTree = "<group>"; };
		F29B49CB140B9A59007265D7 /* loading5.gif */ = {isa = PBXFileReference; lastKnownFileType = image.gif; path = loading5.gif; sourceTree = "<group>"; };
		F29B49CC140B9A59007265D7 /* loading6.gif */ = {isa = PBXFileReference; lastKnownFileType = image.gif; path = loading6.gif; sourceTree = "<group>"; };
		F2A0500C141874BB00FD11F9 /* TypeXMLHandler.h */ = {isa = PBXFileReference; fileEncoding = 4; lastKnownFileType = sourcecode.c.h; path = TypeXMLHandler.h; sourceTree = "<group>"; };
		F2A0500D141874BB00FD11F9 /* TypeXMLHandler.m */ = {isa = PBXFileReference; fileEncoding = 4; lastKnownFileType = sourcecode.c.objc; path = TypeXMLHandler.m; sourceTree = "<group>"; };
		F2A0501514187EDF00FD11F9 /* StoreXMLHandler.h */ = {isa = PBXFileReference; fileEncoding = 4; lastKnownFileType = sourcecode.c.h; path = StoreXMLHandler.h; sourceTree = "<group>"; };
		F2A0501614187EE000FD11F9 /* StoreXMLHandler.m */ = {isa = PBXFileReference; fileEncoding = 4; lastKnownFileType = sourcecode.c.objc; path = StoreXMLHandler.m; sourceTree = "<group>"; };
		F2A050181418A12400FD11F9 /* BrandXMLHandler.h */ = {isa = PBXFileReference; fileEncoding = 4; lastKnownFileType = sourcecode.c.h; path = BrandXMLHandler.h; sourceTree = "<group>"; };
		F2A050191418A12B00FD11F9 /* BrandXMLHandler.m */ = {isa = PBXFileReference; fileEncoding = 4; lastKnownFileType = sourcecode.c.objc; path = BrandXMLHandler.m; sourceTree = "<group>"; };
		F2A050211418B6E000FD11F9 /* ProductXMLHandler.h */ = {isa = PBXFileReference; fileEncoding = 4; lastKnownFileType = sourcecode.c.h; path = ProductXMLHandler.h; sourceTree = "<group>"; };
		F2A050221418B6E100FD11F9 /* ProductXMLHandler.m */ = {isa = PBXFileReference; fileEncoding = 4; lastKnownFileType = sourcecode.c.objc; path = ProductXMLHandler.m; sourceTree = "<group>"; };
		F2CC1924142C65040088C97A /* Brand.h */ = {isa = PBXFileReference; fileEncoding = 4; lastKnownFileType = sourcecode.c.h; path = Brand.h; sourceTree = "<group>"; };
		F2CC1925142C65040088C97A /* Brand.m */ = {isa = PBXFileReference; fileEncoding = 4; lastKnownFileType = sourcecode.c.objc; path = Brand.m; sourceTree = "<group>"; };
		F2CC1926142C65040088C97A /* Category.h */ = {isa = PBXFileReference; fileEncoding = 4; lastKnownFileType = sourcecode.c.h; path = Category.h; sourceTree = "<group>"; };
		F2CC1927142C65040088C97A /* Category.m */ = {isa = PBXFileReference; fileEncoding = 4; lastKnownFileType = sourcecode.c.objc; path = Category.m; sourceTree = "<group>"; };
		F2CC1928142C65040088C97A /* Product.h */ = {isa = PBXFileReference; fileEncoding = 4; lastKnownFileType = sourcecode.c.h; path = Product.h; sourceTree = "<group>"; };
		F2CC1929142C65040088C97A /* Product.m */ = {isa = PBXFileReference; fileEncoding = 4; lastKnownFileType = sourcecode.c.objc; path = Product.m; sourceTree = "<group>"; };
		F2CC192A142C65040088C97A /* Store.h */ = {isa = PBXFileReference; fileEncoding = 4; lastKnownFileType = sourcecode.c.h; path = Store.h; sourceTree = "<group>"; };
		F2CC192B142C65040088C97A /* Store.m */ = {isa = PBXFileReference; fileEncoding = 4; lastKnownFileType = sourcecode.c.objc; path = Store.m; sourceTree = "<group>"; };
		F2CC192C142C65040088C97A /* Type.h */ = {isa = PBXFileReference; fileEncoding = 4; lastKnownFileType = sourcecode.c.h; path = Type.h; sourceTree = "<group>"; };
		F2CC192D142C65040088C97A /* Type.m */ = {isa = PBXFileReference; fileEncoding = 4; lastKnownFileType = sourcecode.c.objc; path = Type.m; sourceTree = "<group>"; };
		F2CC1933142C65960088C97A /* FStore.h */ = {isa = PBXFileReference; fileEncoding = 4; lastKnownFileType = sourcecode.c.h; path = FStore.h; sourceTree = "<group>"; };
		F2CC1934142C65960088C97A /* FStore.m */ = {isa = PBXFileReference; fileEncoding = 4; lastKnownFileType = sourcecode.c.objc; path = FStore.m; sourceTree = "<group>"; };
		F2CC1936142C65960088C97A /* FCategory.h */ = {isa = PBXFileReference; fileEncoding = 4; lastKnownFileType = sourcecode.c.h; path = FCategory.h; sourceTree = "<group>"; };
		F2CC1937142C65960088C97A /* FCategory.m */ = {isa = PBXFileReference; fileEncoding = 4; lastKnownFileType = sourcecode.c.objc; path = FCategory.m; sourceTree = "<group>"; };
		F2CC1939142C65960088C97A /* FBrand.h */ = {isa = PBXFileReference; fileEncoding = 4; lastKnownFileType = sourcecode.c.h; path = FBrand.h; sourceTree = "<group>"; };
		F2CC193A142C65960088C97A /* FBrand.m */ = {isa = PBXFileReference; fileEncoding = 4; lastKnownFileType = sourcecode.c.objc; path = FBrand.m; sourceTree = "<group>"; };
		F2CC193C142C65960088C97A /* FType.h */ = {isa = PBXFileReference; fileEncoding = 4; lastKnownFileType = sourcecode.c.h; path = FType.h; sourceTree = "<group>"; };
		F2CC193D142C65960088C97A /* FType.m */ = {isa = PBXFileReference; fileEncoding = 4; lastKnownFileType = sourcecode.c.objc; path = FType.m; sourceTree = "<group>"; };
		F2CC193F142C65A60088C97A /* FProduct.h */ = {isa = PBXFileReference; fileEncoding = 4; lastKnownFileType = sourcecode.c.h; path = FProduct.h; sourceTree = "<group>"; };
		F2CC1940142C65A60088C97A /* FProduct.m */ = {isa = PBXFileReference; fileEncoding = 4; lastKnownFileType = sourcecode.c.objc; path = FProduct.m; sourceTree = "<group>"; };
/* End PBXFileReference section */

/* Begin PBXFrameworksBuildPhase section */
		5A971E3113DD6256008A19BE /* Frameworks */ = {
			isa = PBXFrameworksBuildPhase;
			buildActionMask = 2147483647;
			files = (
				F26E7E2E142890F7007E803B /* CoreData.framework in Frameworks */,
				5A971E3913DD6256008A19BE /* UIKit.framework in Frameworks */,
				5A971E3B13DD6256008A19BE /* Foundation.framework in Frameworks */,
				5A971E3D13DD6256008A19BE /* CoreGraphics.framework in Frameworks */,
			);
			runOnlyForDeploymentPostprocessing = 0;
		};
/* End PBXFrameworksBuildPhase section */

/* Begin PBXGroup section */
		5A971E2913DD6256008A19BE = {
			isa = PBXGroup;
			children = (
				5A971E3E13DD6256008A19BE /* ipc */,
				5A971E3713DD6256008A19BE /* Frameworks */,
				5A971E3513DD6256008A19BE /* Products */,
			);
			sourceTree = "<group>";
		};
		5A971E3513DD6256008A19BE /* Products */ = {
			isa = PBXGroup;
			children = (
				5A971E3413DD6256008A19BE /* ipc.app */,
			);
			name = Products;
			sourceTree = "<group>";
		};
		5A971E3713DD6256008A19BE /* Frameworks */ = {
			isa = PBXGroup;
			children = (
				5A971E3813DD6256008A19BE /* UIKit.framework */,
				5A971E3A13DD6256008A19BE /* Foundation.framework */,
				F26E7E2D142890F7007E803B /* CoreData.framework */,
				5A971E3C13DD6256008A19BE /* CoreGraphics.framework */,
				5A971E5F13DD6256008A19BE /* SenTestingKit.framework */,
			);
			name = Frameworks;
			sourceTree = "<group>";
		};
		5A971E3E13DD6256008A19BE /* ipc */ = {
			isa = PBXGroup;
			children = (
				F2CC1923142C649E0088C97A /* coredata_modal */,
				F22BAC3A141620EC00E1A73C /* model */,
				F2A050091418734700FD11F9 /* xml parser */,
				F2A0500B141873F900FD11F9 /* services */,
				5A971E4713DD6256008A19BE /* ipcAppDelegate.h */,
				5A971E4813DD6256008A19BE /* ipcAppDelegate.m */,
				5A971E4A13DD6256008A19BE /* MainWindow.xib */,
				F22BAC3914161E8700E1A73C /* ipcGlobal.h */,
				5A971E3F13DD6256008A19BE /* Supporting Files */,
				5AF53EB913E63F5B0031E56C /* HomeViewController.h */,
				5AF53EBA13E63F5B0031E56C /* HomeViewController.m */,
				5AF53EBB13E63F5B0031E56C /* HomeViewController.xib */,
				F28DC29A1429C7A80094C6D9 /* FavouriteViewController.h */,
				F28DC29B1429C7A80094C6D9 /* FavouriteViewController.m */,
				F28DC29C1429C7A90094C6D9 /* FavouriteViewController.xib */,
				5A9C86B213E8032800DC35C9 /* SubcategoryViewController.h */,
				5A9C86B313E8032800DC35C9 /* SubcategoryViewController.m */,
				5A9C86B413E8032800DC35C9 /* SubcategoryViewController.xib */,
				5AF9528213E8EFE800BF9D87 /* ProductSliderViewController.h */,
				5AF9528313E8EFE800BF9D87 /* ProductSliderViewController.m */,
				5AF9528413E8EFE800BF9D87 /* ProductSliderViewController.xib */,
				5A6DBB191407A0E700B51DB9 /* BigProductSliderViewController.h */,
				5A6DBB171407A0E700B51DB9 /* BigProductSliderViewController.m */,
				5A6DBB181407A0E700B51DB9 /* BigProductSliderViewController.xib */,
				5ADB1476140381DE009628FC /* ProductsDetailsSliderViewController.h */,
				5ADB1477140381DE009628FC /* ProductsDetailsSliderViewController.m */,
				5ADB1478140381DE009628FC /* ProductsDetailsSliderViewController.xib */,
				5A6DBB1414077FA700B51DB9 /* asyncimageview.h */,
				5A6DBB1314077FA700B51DB9 /* asyncimageview.m */,
				5AD6E88B1404E7D100620CAA /* WebViewController.h */,
				5AD6E88C1404E7D200620CAA /* WebViewController.m */,
				5AD6E88D1404E7D300620CAA /* WebViewController.xib */,
				F238C852140CD43E007C83CD /* MyPopOverView.h */,
				F238C853140CD43F007C83CD /* MyPopOverView.m */,
				F238C855140CD73A007C83CD /* MyPopOverView.xib */,
				5AE7669213DE727800209326 /* images */,
			);
			path = ipc;
			sourceTree = "<group>";
		};
		5A971E3F13DD6256008A19BE /* Supporting Files */ = {
			isa = PBXGroup;
			children = (
				5A971E4013DD6256008A19BE /* ipc-Info.plist */,
				5A971E4113DD6256008A19BE /* InfoPlist.strings */,
				5A971E4413DD6256008A19BE /* main.m */,
				5A971E4613DD6256008A19BE /* ipc-Prefix.pch */,
			);
			name = "Supporting Files";
			sourceTree = "<group>";
		};
		5AE7669213DE727800209326 /* images */ = {
			isa = PBXGroup;
			children = (
				F292273E1428706300C0368A /* ipc.png */,
				F238C848140C9F4F007C83CD /* 07-map-marker.png */,
				F238C845140C9F40007C83CD /* 19-gear.png */,
				F299FD79140C7EE1003E64E2 /* 53-house.png */,
				F299FD7C140C80D5003E64E2 /* 29-heart.png */,
				F299FD7E140C80F7003E64E2 /* 157-wrench.png */,
				F299FD80140C8145003E64E2 /* 28-star.png */,
				F299FD82140C81A8003E64E2 /* 171-sun.png */,
				F29B49C4140B9584007265D7 /* loading.gif */,
				F29B49C7140B9A59007265D7 /* loading1.gif */,
				F29B49C8140B9A59007265D7 /* loading2.gif */,
				F29B49C9140B9A59007265D7 /* loading3.gif */,
				F29B49CA140B9A59007265D7 /* loading4.gif */,
				F29B49CB140B9A59007265D7 /* loading5.gif */,
				F29B49CC140B9A59007265D7 /* loading6.gif */,
				5ADB147B14038DDE009628FC /* san_pham1a.png */,
				5AF9528713E8F9F500BF9D87 /* san_pham1.jpg */,
				5AF9527F13E8E80700BF9D87 /* sub_category1.png */,
				5ADB14811403BAE3009628FC /* sub_category2.png */,
				5AD6E88014048CD500620CAA /* sub_category3.png */,
				5AC734FB14088AE200CD91B0 /* sub_category4.png */,
				5AC7351414089E9700CD91B0 /* sub_category5.png */,
				5AC7351214089C9900CD91B0 /* sub_category6.png */,
				5AC73502140892B300CD91B0 /* sub_category7.png */,
				5AC735061408947600CD91B0 /* sub_category8.png */,
				5AC7350E14089A7A00CD91B0 /* sub_category9.png */,
				5AC735001408919900CD91B0 /* sub_category10.png */,
				5AC734FE1408906200CD91B0 /* sub_category12.png */,
				5AC73504140893CB00CD91B0 /* sub_category11.png */,
				5AC73508140898F700CD91B0 /* sub_category13.png */,
				5AC7351014089BFA00CD91B0 /* sub_category14.png */,
				5AC73509140898F700CD91B0 /* sub_category15.png */,
				5AC7350A140898F700CD91B0 /* sub_category16.png */,
				5A9C86AE13E7F49200DC35C9 /* small_home4.jpg */,
				5A9C86AC13E7F3FE00DC35C9 /* small_home3.jpg */,
				5A9C86B013E7F54900DC35C9 /* small_home2.jpg */,
				5A9C86A913E7F38400DC35C9 /* small_home1.jpg */,
				5ABE446513E2B25E00D94130 /* 2308.jpg */,
				5AE6A8FF13E7DA0000A292BD /* big_home.jpg */,
				5AE7667E13DE726C00209326 /* image1.png */,
				5AE7667F13DE726C00209326 /* image2.png */,
				5AE7668013DE726D00209326 /* image3.png */,
				5AE7668113DE726D00209326 /* image4.png */,
				5AE7668213DE726E00209326 /* image5.png */,
				5AE7668313DE726E00209326 /* image6.png */,
				5AE7668413DE726E00209326 /* image7.png */,
				5AE7668513DE726F00209326 /* image.png */,
				5AE7668613DE726F00209326 /* image9.png */,
				5AE7668713DE727000209326 /* image8.png */,
				5AE7667C13DE586700209326 /* lion_big.png */,
			);
			name = images;
			sourceTree = "<group>";
		};
		F22BAC3A141620EC00E1A73C /* model */ = {
			isa = PBXGroup;
			children = (
				F2CC1924142C65040088C97A /* Brand.h */,
				F2CC1925142C65040088C97A /* Brand.m */,
				F2CC1926142C65040088C97A /* Category.h */,
				F2CC1927142C65040088C97A /* Category.m */,
				F2CC1928142C65040088C97A /* Product.h */,
				F2CC1929142C65040088C97A /* Product.m */,
				F2CC192A142C65040088C97A /* Store.h */,
				F2CC192B142C65040088C97A /* Store.m */,
				F2CC192C142C65040088C97A /* Type.h */,
				F2CC192D142C65040088C97A /* Type.m */,
			);
			name = model;
			sourceTree = "<group>";
		};
		F2A050091418734700FD11F9 /* xml parser */ = {
			isa = PBXGroup;
			children = (
				F22BAC2814161C6E00E1A73C /* BaseXMLHandler.h */,
				F22BAC2914161C6E00E1A73C /* BaseXMLHandler.m */,
				F2A0500C141874BB00FD11F9 /* TypeXMLHandler.h */,
				F2A0500D141874BB00FD11F9 /* TypeXMLHandler.m */,
				F22BAC3E14162A2000E1A73C /* CategoryXMLHandler.h */,
				F22BAC3F14162A2100E1A73C /* CategoryXMLHandler.m */,
				F2A0501514187EDF00FD11F9 /* StoreXMLHandler.h */,
				F2A0501614187EE000FD11F9 /* StoreXMLHandler.m */,
				F2A050181418A12400FD11F9 /* BrandXMLHandler.h */,
				F2A050191418A12B00FD11F9 /* BrandXMLHandler.m */,
				F2A050211418B6E000FD11F9 /* ProductXMLHandler.h */,
				F2A050221418B6E100FD11F9 /* ProductXMLHandler.m */,
			);
			name = "xml parser";
			sourceTree = "<group>";
		};
		F2A0500B141873F900FD11F9 /* services */ = {
			isa = PBXGroup;
			children = (
				F22BAC2414161C6D00E1A73C /* HttpRequest.h */,
				F22BAC2514161C6D00E1A73C /* HttpRequest.m */,
				F22BAC2614161C6D00E1A73C /* ApplicationService.h */,
				F22BAC2714161C6E00E1A73C /* ApplicationService.m */,
				F28DC2961429C1ED0094C6D9 /* DataService.h */,
				F28DC2971429C1ED0094C6D9 /* DataService.m */,
			);
			name = services;
			sourceTree = "<group>";
		};
		F2CC1923142C649E0088C97A /* coredata_modal */ = {
			isa = PBXGroup;
			children = (
				F28DC29F1429CE380094C6D9 /* Favourite.xcdatamodeld */,
				F2CC193F142C65A60088C97A /* FProduct.h */,
				F2CC1940142C65A60088C97A /* FProduct.m */,
				F2CC193C142C65960088C97A /* FType.h */,
				F2CC193D142C65960088C97A /* FType.m */,
				F2CC1939142C65960088C97A /* FBrand.h */,
				F2CC193A142C65960088C97A /* FBrand.m */,
				F2CC1936142C65960088C97A /* FCategory.h */,
				F2CC1937142C65960088C97A /* FCategory.m */,
				F2CC1933142C65960088C97A /* FStore.h */,
				F2CC1934142C65960088C97A /* FStore.m */,
				F28DC2A81429DDD00094C6D9 /* Testing.h */,
				F28DC2A91429DDD00094C6D9 /* Testing.m */,
			);
			name = coredata_modal;
			sourceTree = "<group>";
		};
/* End PBXGroup section */

/* Begin PBXNativeTarget section */
		5A971E3313DD6256008A19BE /* ipc */ = {
			isa = PBXNativeTarget;
			buildConfigurationList = 5A971E7213DD6256008A19BE /* Build configuration list for PBXNativeTarget "ipc" */;
			buildPhases = (
				5A971E3013DD6256008A19BE /* Sources */,
				5A971E3113DD6256008A19BE /* Frameworks */,
				5A971E3213DD6256008A19BE /* Resources */,
			);
			buildRules = (
			);
			dependencies = (
			);
			name = ipc;
			productName = ipc;
			productReference = 5A971E3413DD6256008A19BE /* ipc.app */;
			productType = "com.apple.product-type.application";
		};
/* End PBXNativeTarget section */

/* Begin PBXProject section */
		5A971E2B13DD6256008A19BE /* Project object */ = {
			isa = PBXProject;
			buildConfigurationList = 5A971E2E13DD6256008A19BE /* Build configuration list for PBXProject "ipc" */;
			compatibilityVersion = "Xcode 3.2";
			developmentRegion = English;
			hasScannedForEncodings = 0;
			knownRegions = (
				en,
			);
			mainGroup = 5A971E2913DD6256008A19BE;
			productRefGroup = 5A971E3513DD6256008A19BE /* Products */;
			projectDirPath = "";
			projectRoot = "";
			targets = (
				5A971E3313DD6256008A19BE /* ipc */,
			);
		};
/* End PBXProject section */

/* Begin PBXResourcesBuildPhase section */
		5A971E3213DD6256008A19BE /* Resources */ = {
			isa = PBXResourcesBuildPhase;
			buildActionMask = 2147483647;
			files = (
				5A971E4313DD6256008A19BE /* InfoPlist.strings in Resources */,
				5A971E4C13DD6256008A19BE /* MainWindow.xib in Resources */,
				5AE7667D13DE586700209326 /* lion_big.png in Resources */,
				5AE7668813DE727000209326 /* image1.png in Resources */,
				5AE7668913DE727000209326 /* image2.png in Resources */,
				5AE7668A13DE727000209326 /* image3.png in Resources */,
				5AE7668B13DE727000209326 /* image4.png in Resources */,
				5AE7668C13DE727000209326 /* image5.png in Resources */,
				5AE7668D13DE727000209326 /* image6.png in Resources */,
				5AE7668E13DE727000209326 /* image7.png in Resources */,
				5AE7668F13DE727000209326 /* image.png in Resources */,
				5AE7669013DE727000209326 /* image9.png in Resources */,
				5AE7669113DE727000209326 /* image8.png in Resources */,
				5ABE446613E2B25E00D94130 /* 2308.jpg in Resources */,
				5AF53EBD13E63F5B0031E56C /* HomeViewController.xib in Resources */,
				5AE6A90013E7DA0000A292BD /* big_home.jpg in Resources */,
				5A9C86AA13E7F38400DC35C9 /* small_home1.jpg in Resources */,
				5A9C86AD13E7F3FE00DC35C9 /* small_home3.jpg in Resources */,
				5A9C86AF13E7F49200DC35C9 /* small_home4.jpg in Resources */,
				5A9C86B113E7F54900DC35C9 /* small_home2.jpg in Resources */,
				5A9C86B613E8032800DC35C9 /* SubcategoryViewController.xib in Resources */,
				5AF9528013E8E80700BF9D87 /* sub_category1.png in Resources */,
				5AF9528613E8EFE800BF9D87 /* ProductSliderViewController.xib in Resources */,
				5AF9528813E8F9F500BF9D87 /* san_pham1.jpg in Resources */,
				5ADB147A140381DE009628FC /* ProductsDetailsSliderViewController.xib in Resources */,
				5ADB147C14038DDE009628FC /* san_pham1a.png in Resources */,
				5ADB14821403BAE3009628FC /* sub_category2.png in Resources */,
				5AD6E88114048CD500620CAA /* sub_category3.png in Resources */,
				5AD6E88F1404E7D300620CAA /* WebViewController.xib in Resources */,
				5A6DBB1B1407A0E800B51DB9 /* BigProductSliderViewController.xib in Resources */,
				5AC734FC14088AE200CD91B0 /* sub_category4.png in Resources */,
				5AC734FF1408906200CD91B0 /* sub_category12.png in Resources */,
				5AC735011408919900CD91B0 /* sub_category10.png in Resources */,
				5AC73503140892B300CD91B0 /* sub_category7.png in Resources */,
				5AC73505140893CB00CD91B0 /* sub_category11.png in Resources */,
				5AC735071408947600CD91B0 /* sub_category8.png in Resources */,
				5AC7350B140898F700CD91B0 /* sub_category13.png in Resources */,
				5AC7350C140898F700CD91B0 /* sub_category15.png in Resources */,
				5AC7350D140898F700CD91B0 /* sub_category16.png in Resources */,
				5AC7350F14089A7A00CD91B0 /* sub_category9.png in Resources */,
				5AC7351114089BFA00CD91B0 /* sub_category14.png in Resources */,
				5AC7351314089C9900CD91B0 /* sub_category6.png in Resources */,
				5AC7351514089E9700CD91B0 /* sub_category5.png in Resources */,
				F29B49C5140B9584007265D7 /* loading.gif in Resources */,
				F29B49CD140B9A59007265D7 /* loading1.gif in Resources */,
				F29B49CE140B9A59007265D7 /* loading2.gif in Resources */,
				F29B49CF140B9A59007265D7 /* loading3.gif in Resources */,
				F29B49D0140B9A59007265D7 /* loading4.gif in Resources */,
				F29B49D1140B9A59007265D7 /* loading5.gif in Resources */,
				F29B49D2140B9A59007265D7 /* loading6.gif in Resources */,
				F299FD7A140C7EE1003E64E2 /* 53-house.png in Resources */,
				F299FD7D140C80D5003E64E2 /* 29-heart.png in Resources */,
				F299FD7F140C80F7003E64E2 /* 157-wrench.png in Resources */,
				F299FD81140C8145003E64E2 /* 28-star.png in Resources */,
				F299FD83140C81A8003E64E2 /* 171-sun.png in Resources */,
				F238C846140C9F40007C83CD /* 19-gear.png in Resources */,
				F238C849140C9F4F007C83CD /* 07-map-marker.png in Resources */,
				F238C856140CD73A007C83CD /* MyPopOverView.xib in Resources */,
				F292273F1428706300C0368A /* ipc.png in Resources */,
				F28DC29E1429C7A90094C6D9 /* FavouriteViewController.xib in Resources */,
			);
			runOnlyForDeploymentPostprocessing = 0;
		};
/* End PBXResourcesBuildPhase section */

/* Begin PBXSourcesBuildPhase section */
		5A971E3013DD6256008A19BE /* Sources */ = {
			isa = PBXSourcesBuildPhase;
			buildActionMask = 2147483647;
			files = (
				5A971E4513DD6256008A19BE /* main.m in Sources */,
				5A971E4913DD6256008A19BE /* ipcAppDelegate.m in Sources */,
				5AF53EBC13E63F5B0031E56C /* HomeViewController.m in Sources */,
				5A9C86B513E8032800DC35C9 /* SubcategoryViewController.m in Sources */,
				5AF9528513E8EFE800BF9D87 /* ProductSliderViewController.m in Sources */,
				5ADB1479140381DE009628FC /* ProductsDetailsSliderViewController.m in Sources */,
				5AD6E88E1404E7D300620CAA /* WebViewController.m in Sources */,
				5A6DBB1514077FA800B51DB9 /* asyncimageview.m in Sources */,
				5A6DBB1A1407A0E800B51DB9 /* BigProductSliderViewController.m in Sources */,
				F238C854140CD43F007C83CD /* MyPopOverView.m in Sources */,
				F22BAC2C14161C6E00E1A73C /* HttpRequest.m in Sources */,
				F22BAC2D14161C6E00E1A73C /* ApplicationService.m in Sources */,
				F22BAC2E14161C6E00E1A73C /* BaseXMLHandler.m in Sources */,
				F22BAC4014162A2100E1A73C /* CategoryXMLHandler.m in Sources */,
				F2A0500E141874BB00FD11F9 /* TypeXMLHandler.m in Sources */,
				F2A0501714187EE000FD11F9 /* StoreXMLHandler.m in Sources */,
				F2A0501A1418A13400FD11F9 /* BrandXMLHandler.m in Sources */,
				F2A050231418B6E200FD11F9 /* ProductXMLHandler.m in Sources */,
				F28DC2981429C1ED0094C6D9 /* DataService.m in Sources */,
				F28DC29D1429C7A90094C6D9 /* FavouriteViewController.m in Sources */,
				F28DC2A11429CE380094C6D9 /* Favourite.xcdatamodeld in Sources */,
				F28DC2AA1429DDD00094C6D9 /* Testing.m in Sources */,
				F2CC192E142C65040088C97A /* Brand.m in Sources */,
				F2CC192F142C65040088C97A /* Category.m in Sources */,
				F2CC1930142C65040088C97A /* Product.m in Sources */,
				F2CC1931142C65040088C97A /* Store.m in Sources */,
				F2CC1932142C65040088C97A /* Type.m in Sources */,
				F2CC1935142C65960088C97A /* FStore.m in Sources */,
				F2CC1938142C65960088C97A /* FCategory.m in Sources */,
				F2CC193B142C65960088C97A /* FBrand.m in Sources */,
				F2CC193E142C65960088C97A /* FType.m in Sources */,
				F2CC1941142C65A60088C97A /* FProduct.m in Sources */,
			);
			runOnlyForDeploymentPostprocessing = 0;
		};
/* End PBXSourcesBuildPhase section */

/* Begin PBXVariantGroup section */
		5A971E4113DD6256008A19BE /* InfoPlist.strings */ = {
			isa = PBXVariantGroup;
			children = (
				5A971E4213DD6256008A19BE /* en */,
			);
			name = InfoPlist.strings;
			sourceTree = "<group>";
		};
		5A971E4A13DD6256008A19BE /* MainWindow.xib */ = {
			isa = PBXVariantGroup;
			children = (
				5A971E4B13DD6256008A19BE /* en */,
			);
			name = MainWindow.xib;
			sourceTree = "<group>";
		};
/* End PBXVariantGroup section */

/* Begin XCBuildConfiguration section */
		5A971E7013DD6256008A19BE /* Debug */ = {
			isa = XCBuildConfiguration;
			buildSettings = {
				ALWAYS_SEARCH_USER_PATHS = NO;
				ARCHS = "$(ARCHS_UNIVERSAL_IPHONE_OS)";
				"CODE_SIGN_IDENTITY[sdk=iphoneos*]" = "iPhone Developer";
				COPY_PHASE_STRIP = NO;
				GCC_C_LANGUAGE_STANDARD = gnu99;
				GCC_DYNAMIC_NO_PIC = NO;
				GCC_OPTIMIZATION_LEVEL = 0;
				GCC_PREPROCESSOR_DEFINITIONS = (
					"DEBUG=1",
					"$(inherited)",
				);
				GCC_SYMBOLS_PRIVATE_EXTERN = NO;
				GCC_VERSION = com.apple.compilers.llvmgcc42;
				GCC_WARN_ABOUT_MISSING_PROTOTYPES = YES;
				GCC_WARN_ABOUT_RETURN_TYPE = YES;
				GCC_WARN_UNUSED_VARIABLE = YES;
				IPHONEOS_DEPLOYMENT_TARGET = 4.3;
				SDKROOT = iphoneos;
				TARGETED_DEVICE_FAMILY = 2;
			};
			name = Debug;
		};
		5A971E7113DD6256008A19BE /* Release */ = {
			isa = XCBuildConfiguration;
			buildSettings = {
				ALWAYS_SEARCH_USER_PATHS = NO;
				ARCHS = "$(ARCHS_UNIVERSAL_IPHONE_OS)";
				"CODE_SIGN_IDENTITY[sdk=iphoneos*]" = "iPhone Developer";
				COPY_PHASE_STRIP = YES;
				GCC_C_LANGUAGE_STANDARD = gnu99;
				GCC_VERSION = com.apple.compilers.llvmgcc42;
				GCC_WARN_ABOUT_MISSING_PROTOTYPES = YES;
				GCC_WARN_ABOUT_RETURN_TYPE = YES;
				GCC_WARN_UNUSED_VARIABLE = YES;
				IPHONEOS_DEPLOYMENT_TARGET = 4.3;
				OTHER_CFLAGS = "-DNS_BLOCK_ASSERTIONS=1";
				SDKROOT = iphoneos;
				TARGETED_DEVICE_FAMILY = 2;
				VALIDATE_PRODUCT = YES;
			};
			name = Release;
		};
		5A971E7313DD6256008A19BE /* Debug */ = {
			isa = XCBuildConfiguration;
			buildSettings = {
				GCC_PRECOMPILE_PREFIX_HEADER = YES;
				GCC_PREFIX_HEADER = "ipc/ipc-Prefix.pch";
				INFOPLIST_FILE = "ipc/ipc-Info.plist";
				PRODUCT_NAME = "$(TARGET_NAME)";
				WRAPPER_EXTENSION = app;
			};
			name = Debug;
		};
		5A971E7413DD6256008A19BE /* Release */ = {
			isa = XCBuildConfiguration;
			buildSettings = {
				GCC_PRECOMPILE_PREFIX_HEADER = YES;
				GCC_PREFIX_HEADER = "ipc/ipc-Prefix.pch";
				INFOPLIST_FILE = "ipc/ipc-Info.plist";
				PRODUCT_NAME = "$(TARGET_NAME)";
				WRAPPER_EXTENSION = app;
			};
			name = Release;
		};
/* End XCBuildConfiguration section */

/* Begin XCConfigurationList section */
		5A971E2E13DD6256008A19BE /* Build configuration list for PBXProject "ipc" */ = {
			isa = XCConfigurationList;
			buildConfigurations = (
				5A971E7013DD6256008A19BE /* Debug */,
				5A971E7113DD6256008A19BE /* Release */,
			);
			defaultConfigurationIsVisible = 0;
			defaultConfigurationName = Release;
		};
		5A971E7213DD6256008A19BE /* Build configuration list for PBXNativeTarget "ipc" */ = {
			isa = XCConfigurationList;
			buildConfigurations = (
				5A971E7313DD6256008A19BE /* Debug */,
				5A971E7413DD6256008A19BE /* Release */,
			);
			defaultConfigurationIsVisible = 0;
			defaultConfigurationName = Release;
		};
/* End XCConfigurationList section */

/* Begin XCVersionGroup section */
		F28DC29F1429CE380094C6D9 /* Favourite.xcdatamodeld */ = {
			isa = XCVersionGroup;
			children = (
				F28DC2A01429CE380094C6D9 /* Favourite.xcdatamodel */,
			);
			currentVersion = F28DC2A01429CE380094C6D9 /* Favourite.xcdatamodel */;
			path = Favourite.xcdatamodeld;
			sourceTree = "<group>";
			versionGroupType = wrapper.xcdatamodel;
		};
/* End XCVersionGroup section */
	};
	rootObject = 5A971E2B13DD6256008A19BE /* Project object */;
}
