// !$*UTF8*$!
{
	archiveVersion = 1;
	classes = {
	};
	objectVersion = 46;
	objects = {

/* Begin PBXBuildFile section */
		5A971E3913DD6256008A19BE /* UIKit.framework in Frameworks */ = {isa = PBXBuildFile; fileRef = 5A971E3813DD6256008A19BE /* UIKit.framework */; };
		5A971E3B13DD6256008A19BE /* Foundation.framework in Frameworks */ = {isa = PBXBuildFile; fileRef = 5A971E3A13DD6256008A19BE /* Foundation.framework */; };
		5A971E3D13DD6256008A19BE /* CoreGraphics.framework in Frameworks */ = {isa = PBXBuildFile; fileRef = 5A971E3C13DD6256008A19BE /* CoreGraphics.framework */; };
		5A971E4313DD6256008A19BE /* InfoPlist.strings in Resources */ = {isa = PBXBuildFile; fileRef = 5A971E4113DD6256008A19BE /* InfoPlist.strings */; };
		5A971E4513DD6256008A19BE /* main.m in Sources */ = {isa = PBXBuildFile; fileRef = 5A971E4413DD6256008A19BE /* main.m */; };
		5A971E4913DD6256008A19BE /* ipcAppDelegate.m in Sources */ = {isa = PBXBuildFile; fileRef = 5A971E4813DD6256008A19BE /* ipcAppDelegate.m */; };
		5A971E4C13DD6256008A19BE /* MainWindow.xib in Resources */ = {isa = PBXBuildFile; fileRef = 5A971E4A13DD6256008A19BE /* MainWindow.xib */; };
		5A971E4F13DD6256008A19BE /* FirstViewController.m in Sources */ = {isa = PBXBuildFile; fileRef = 5A971E4E13DD6256008A19BE /* FirstViewController.m */; };
		5A971E5213DD6256008A19BE /* SecondViewController.m in Sources */ = {isa = PBXBuildFile; fileRef = 5A971E5113DD6256008A19BE /* SecondViewController.m */; };
		5A971E5513DD6256008A19BE /* FirstView.xib in Resources */ = {isa = PBXBuildFile; fileRef = 5A971E5313DD6256008A19BE /* FirstView.xib */; };
		5A971E5813DD6256008A19BE /* SecondView.xib in Resources */ = {isa = PBXBuildFile; fileRef = 5A971E5613DD6256008A19BE /* SecondView.xib */; };
		5A971E6013DD6256008A19BE /* SenTestingKit.framework in Frameworks */ = {isa = PBXBuildFile; fileRef = 5A971E5F13DD6256008A19BE /* SenTestingKit.framework */; };
		5A971E6113DD6256008A19BE /* UIKit.framework in Frameworks */ = {isa = PBXBuildFile; fileRef = 5A971E3813DD6256008A19BE /* UIKit.framework */; };
		5A971E6213DD6256008A19BE /* Foundation.framework in Frameworks */ = {isa = PBXBuildFile; fileRef = 5A971E3A13DD6256008A19BE /* Foundation.framework */; };
		5A971E6313DD6256008A19BE /* CoreGraphics.framework in Frameworks */ = {isa = PBXBuildFile; fileRef = 5A971E3C13DD6256008A19BE /* CoreGraphics.framework */; };
		5A9C86AA13E7F38400DC35C9 /* small_home1.jpg in Resources */ = {isa = PBXBuildFile; fileRef = 5A9C86A913E7F38400DC35C9 /* small_home1.jpg */; };
		5A9C86AD13E7F3FE00DC35C9 /* small_home3.jpg in Resources */ = {isa = PBXBuildFile; fileRef = 5A9C86AC13E7F3FE00DC35C9 /* small_home3.jpg */; };
		5A9C86AF13E7F49200DC35C9 /* small_home4.jpg in Resources */ = {isa = PBXBuildFile; fileRef = 5A9C86AE13E7F49200DC35C9 /* small_home4.jpg */; };
		5A9C86B113E7F54900DC35C9 /* small_home2.jpg in Resources */ = {isa = PBXBuildFile; fileRef = 5A9C86B013E7F54900DC35C9 /* small_home2.jpg */; };
		5A9C86B513E8032800DC35C9 /* SubcategoryViewController.m in Sources */ = {isa = PBXBuildFile; fileRef = 5A9C86B313E8032800DC35C9 /* SubcategoryViewController.m */; };
		5A9C86B613E8032800DC35C9 /* SubcategoryViewController.xib in Resources */ = {isa = PBXBuildFile; fileRef = 5A9C86B413E8032800DC35C9 /* SubcategoryViewController.xib */; };
		5ABE446613E2B25E00D94130 /* 2308.jpg in Resources */ = {isa = PBXBuildFile; fileRef = 5ABE446513E2B25E00D94130 /* 2308.jpg */; };
		5ADB147414036173009628FC /* BigProductSliderViewController.m in Sources */ = {isa = PBXBuildFile; fileRef = 5ADB147214036173009628FC /* BigProductSliderViewController.m */; };
		5ADB147514036173009628FC /* BigProductSliderViewController.xib in Resources */ = {isa = PBXBuildFile; fileRef = 5ADB147314036173009628FC /* BigProductSliderViewController.xib */; };
		5ADB1479140381DE009628FC /* ProductsDetailsSliderViewController.m in Sources */ = {isa = PBXBuildFile; fileRef = 5ADB1477140381DE009628FC /* ProductsDetailsSliderViewController.m */; };
		5ADB147A140381DE009628FC /* ProductsDetailsSliderViewController.xib in Resources */ = {isa = PBXBuildFile; fileRef = 5ADB1478140381DE009628FC /* ProductsDetailsSliderViewController.xib */; };
		5ADB147C14038DDE009628FC /* san_pham1a.png in Resources */ = {isa = PBXBuildFile; fileRef = 5ADB147B14038DDE009628FC /* san_pham1a.png */; };
		5ADB14821403BAE3009628FC /* sub_category2.png in Resources */ = {isa = PBXBuildFile; fileRef = 5ADB14811403BAE3009628FC /* sub_category2.png */; };
		5AE6A90013E7DA0000A292BD /* big_home.jpg in Resources */ = {isa = PBXBuildFile; fileRef = 5AE6A8FF13E7DA0000A292BD /* big_home.jpg */; };
		5AE7667113DE54EA00209326 /* lion.png in Resources */ = {isa = PBXBuildFile; fileRef = 5AE7667013DE54EA00209326 /* lion.png */; };
		5AE7667513DE557200209326 /* ItemsViewController.m in Sources */ = {isa = PBXBuildFile; fileRef = 5AE7667313DE557200209326 /* ItemsViewController.m */; };
		5AE7667613DE557200209326 /* ItemsViewController.xib in Resources */ = {isa = PBXBuildFile; fileRef = 5AE7667413DE557200209326 /* ItemsViewController.xib */; };
		5AE7667A13DE582200209326 /* ItemDetailsViewController.m in Sources */ = {isa = PBXBuildFile; fileRef = 5AE7667813DE582200209326 /* ItemDetailsViewController.m */; };
		5AE7667B13DE582200209326 /* ItemDetailsViewController.xib in Resources */ = {isa = PBXBuildFile; fileRef = 5AE7667913DE582200209326 /* ItemDetailsViewController.xib */; };
		5AE7667D13DE586700209326 /* lion_big.png in Resources */ = {isa = PBXBuildFile; fileRef = 5AE7667C13DE586700209326 /* lion_big.png */; };
		5AE7668813DE727000209326 /* image1.png in Resources */ = {isa = PBXBuildFile; fileRef = 5AE7667E13DE726C00209326 /* image1.png */; };
		5AE7668913DE727000209326 /* image2.png in Resources */ = {isa = PBXBuildFile; fileRef = 5AE7667F13DE726C00209326 /* image2.png */; };
		5AE7668A13DE727000209326 /* image3.png in Resources */ = {isa = PBXBuildFile; fileRef = 5AE7668013DE726D00209326 /* image3.png */; };
		5AE7668B13DE727000209326 /* image4.png in Resources */ = {isa = PBXBuildFile; fileRef = 5AE7668113DE726D00209326 /* image4.png */; };
		5AE7668C13DE727000209326 /* image5.png in Resources */ = {isa = PBXBuildFile; fileRef = 5AE7668213DE726E00209326 /* image5.png */; };
		5AE7668D13DE727000209326 /* image6.png in Resources */ = {isa = PBXBuildFile; fileRef = 5AE7668313DE726E00209326 /* image6.png */; };
		5AE7668E13DE727000209326 /* image7.png in Resources */ = {isa = PBXBuildFile; fileRef = 5AE7668413DE726E00209326 /* image7.png */; };
		5AE7668F13DE727000209326 /* image.png in Resources */ = {isa = PBXBuildFile; fileRef = 5AE7668513DE726F00209326 /* image.png */; };
		5AE7669013DE727000209326 /* image9.png in Resources */ = {isa = PBXBuildFile; fileRef = 5AE7668613DE726F00209326 /* image9.png */; };
		5AE7669113DE727000209326 /* image8.png in Resources */ = {isa = PBXBuildFile; fileRef = 5AE7668713DE727000209326 /* image8.png */; };
		5AF4040C13DD6F310023E887 /* CategoryViewController.m in Sources */ = {isa = PBXBuildFile; fileRef = 5AF4040A13DD6F310023E887 /* CategoryViewController.m */; };
		5AF4040D13DD6F310023E887 /* CategoryViewController.xib in Resources */ = {isa = PBXBuildFile; fileRef = 5AF4040B13DD6F310023E887 /* CategoryViewController.xib */; };
		5AF4041113DD70000023E887 /* CatalogueViewController.m in Sources */ = {isa = PBXBuildFile; fileRef = 5AF4040F13DD70000023E887 /* CatalogueViewController.m */; };
		5AF4041213DD70000023E887 /* CatalogueViewController.xib in Resources */ = {isa = PBXBuildFile; fileRef = 5AF4041013DD70000023E887 /* CatalogueViewController.xib */; };
		5AF53EBC13E63F5B0031E56C /* HomeViewController.m in Sources */ = {isa = PBXBuildFile; fileRef = 5AF53EBA13E63F5B0031E56C /* HomeViewController.m */; };
		5AF53EBD13E63F5B0031E56C /* HomeViewController.xib in Resources */ = {isa = PBXBuildFile; fileRef = 5AF53EBB13E63F5B0031E56C /* HomeViewController.xib */; };
		5AF9528013E8E80700BF9D87 /* sub_category1.png in Resources */ = {isa = PBXBuildFile; fileRef = 5AF9527F13E8E80700BF9D87 /* sub_category1.png */; };
		5AF9528513E8EFE800BF9D87 /* ProductSliderViewController.m in Sources */ = {isa = PBXBuildFile; fileRef = 5AF9528313E8EFE800BF9D87 /* ProductSliderViewController.m */; };
		5AF9528613E8EFE800BF9D87 /* ProductSliderViewController.xib in Resources */ = {isa = PBXBuildFile; fileRef = 5AF9528413E8EFE800BF9D87 /* ProductSliderViewController.xib */; };
		5AF9528813E8F9F500BF9D87 /* san_pham1.jpg in Resources */ = {isa = PBXBuildFile; fileRef = 5AF9528713E8F9F500BF9D87 /* san_pham1.jpg */; };
/* End PBXBuildFile section */

/* Begin PBXContainerItemProxy section */
		5A971E6413DD6256008A19BE /* PBXContainerItemProxy */ = {
			isa = PBXContainerItemProxy;
			containerPortal = 5A971E2B13DD6256008A19BE /* Project object */;
			proxyType = 1;
			remoteGlobalIDString = 5A971E3313DD6256008A19BE;
			remoteInfo = ipc;
		};
/* End PBXContainerItemProxy section */

/* Begin PBXFileReference section */
		5A971E3413DD6256008A19BE /* ipc.app */ = {isa = PBXFileReference; explicitFileType = wrapper.application; includeInIndex = 0; path = ipc.app; sourceTree = BUILT_PRODUCTS_DIR; };
		5A971E3813DD6256008A19BE /* UIKit.framework */ = {isa = PBXFileReference; lastKnownFileType = wrapper.framework; name = UIKit.framework; path = System/Library/Frameworks/UIKit.framework; sourceTree = SDKROOT; };
		5A971E3A13DD6256008A19BE /* Foundation.framework */ = {isa = PBXFileReference; lastKnownFileType = wrapper.framework; name = Foundation.framework; path = System/Library/Frameworks/Foundation.framework; sourceTree = SDKROOT; };
		5A971E3C13DD6256008A19BE /* CoreGraphics.framework */ = {isa = PBXFileReference; lastKnownFileType = wrapper.framework; name = CoreGraphics.framework; path = System/Library/Frameworks/CoreGraphics.framework; sourceTree = SDKROOT; };
		5A971E4013DD6256008A19BE /* ipc-Info.plist */ = {isa = PBXFileReference; lastKnownFileType = text.plist.xml; path = "ipc-Info.plist"; sourceTree = "<group>"; };
		5A971E4213DD6256008A19BE /* en */ = {isa = PBXFileReference; lastKnownFileType = text.plist.strings; name = en; path = en.lproj/InfoPlist.strings; sourceTree = "<group>"; };
		5A971E4413DD6256008A19BE /* main.m */ = {isa = PBXFileReference; lastKnownFileType = sourcecode.c.objc; path = main.m; sourceTree = "<group>"; };
		5A971E4613DD6256008A19BE /* ipc-Prefix.pch */ = {isa = PBXFileReference; lastKnownFileType = sourcecode.c.h; path = "ipc-Prefix.pch"; sourceTree = "<group>"; };
		5A971E4713DD6256008A19BE /* ipcAppDelegate.h */ = {isa = PBXFileReference; lastKnownFileType = sourcecode.c.h; path = ipcAppDelegate.h; sourceTree = "<group>"; };
		5A971E4813DD6256008A19BE /* ipcAppDelegate.m */ = {isa = PBXFileReference; lastKnownFileType = sourcecode.c.objc; path = ipcAppDelegate.m; sourceTree = "<group>"; };
		5A971E4B13DD6256008A19BE /* en */ = {isa = PBXFileReference; lastKnownFileType = file.xib; name = en; path = en.lproj/MainWindow.xib; sourceTree = "<group>"; };
		5A971E4D13DD6256008A19BE /* FirstViewController.h */ = {isa = PBXFileReference; lastKnownFileType = sourcecode.c.h; path = FirstViewController.h; sourceTree = "<group>"; };
		5A971E4E13DD6256008A19BE /* FirstViewController.m */ = {isa = PBXFileReference; lastKnownFileType = sourcecode.c.objc; path = FirstViewController.m; sourceTree = "<group>"; };
		5A971E5013DD6256008A19BE /* SecondViewController.h */ = {isa = PBXFileReference; lastKnownFileType = sourcecode.c.h; path = SecondViewController.h; sourceTree = "<group>"; };
		5A971E5113DD6256008A19BE /* SecondViewController.m */ = {isa = PBXFileReference; lastKnownFileType = sourcecode.c.objc; path = SecondViewController.m; sourceTree = "<group>"; };
		5A971E5413DD6256008A19BE /* en */ = {isa = PBXFileReference; lastKnownFileType = file.xib; name = en; path = en.lproj/FirstView.xib; sourceTree = "<group>"; };
		5A971E5713DD6256008A19BE /* en */ = {isa = PBXFileReference; lastKnownFileType = file.xib; name = en; path = en.lproj/SecondView.xib; sourceTree = "<group>"; };
		5A971E5E13DD6256008A19BE /* ipcTests.octest */ = {isa = PBXFileReference; explicitFileType = wrapper.cfbundle; includeInIndex = 0; path = ipcTests.octest; sourceTree = BUILT_PRODUCTS_DIR; };
		5A971E5F13DD6256008A19BE /* SenTestingKit.framework */ = {isa = PBXFileReference; lastKnownFileType = wrapper.framework; name = SenTestingKit.framework; path = Library/Frameworks/SenTestingKit.framework; sourceTree = DEVELOPER_DIR; };
		5A9C86A913E7F38400DC35C9 /* small_home1.jpg */ = {isa = PBXFileReference; lastKnownFileType = image.jpeg; path = small_home1.jpg; sourceTree = "<group>"; };
		5A9C86AC13E7F3FE00DC35C9 /* small_home3.jpg */ = {isa = PBXFileReference; lastKnownFileType = image.jpeg; path = small_home3.jpg; sourceTree = "<group>"; };
		5A9C86AE13E7F49200DC35C9 /* small_home4.jpg */ = {isa = PBXFileReference; lastKnownFileType = image.jpeg; path = small_home4.jpg; sourceTree = "<group>"; };
		5A9C86B013E7F54900DC35C9 /* small_home2.jpg */ = {isa = PBXFileReference; lastKnownFileType = image.jpeg; path = small_home2.jpg; sourceTree = "<group>"; };
		5A9C86B213E8032800DC35C9 /* SubcategoryViewController.h */ = {isa = PBXFileReference; fileEncoding = 4; lastKnownFileType = sourcecode.c.h; path = SubcategoryViewController.h; sourceTree = "<group>"; };
		5A9C86B313E8032800DC35C9 /* SubcategoryViewController.m */ = {isa = PBXFileReference; fileEncoding = 4; lastKnownFileType = sourcecode.c.objc; path = SubcategoryViewController.m; sourceTree = "<group>"; };
		5A9C86B413E8032800DC35C9 /* SubcategoryViewController.xib */ = {isa = PBXFileReference; fileEncoding = 4; lastKnownFileType = file.xib; path = SubcategoryViewController.xib; sourceTree = "<group>"; };
		5ABE446513E2B25E00D94130 /* 2308.jpg */ = {isa = PBXFileReference; lastKnownFileType = image.jpeg; path = 2308.jpg; sourceTree = "<group>"; };
		5ADB147114036173009628FC /* BigProductSliderViewController.h */ = {isa = PBXFileReference; fileEncoding = 4; lastKnownFileType = sourcecode.c.h; name = BigProductSliderViewController.h; path = ../BigProductSliderViewController.h; sourceTree = "<group>"; };
		5ADB147214036173009628FC /* BigProductSliderViewController.m */ = {isa = PBXFileReference; fileEncoding = 4; lastKnownFileType = sourcecode.c.objc; name = BigProductSliderViewController.m; path = ../BigProductSliderViewController.m; sourceTree = "<group>"; };
		5ADB147314036173009628FC /* BigProductSliderViewController.xib */ = {isa = PBXFileReference; fileEncoding = 4; lastKnownFileType = file.xib; name = BigProductSliderViewController.xib; path = ../BigProductSliderViewController.xib; sourceTree = "<group>"; };
		5ADB1476140381DE009628FC /* ProductsDetailsSliderViewController.h */ = {isa = PBXFileReference; fileEncoding = 4; lastKnownFileType = sourcecode.c.h; path = ProductsDetailsSliderViewController.h; sourceTree = "<group>"; };
		5ADB1477140381DE009628FC /* ProductsDetailsSliderViewController.m */ = {isa = PBXFileReference; fileEncoding = 4; lastKnownFileType = sourcecode.c.objc; path = ProductsDetailsSliderViewController.m; sourceTree = "<group>"; };
		5ADB1478140381DE009628FC /* ProductsDetailsSliderViewController.xib */ = {isa = PBXFileReference; fileEncoding = 4; lastKnownFileType = file.xib; path = ProductsDetailsSliderViewController.xib; sourceTree = "<group>"; };
		5ADB147B14038DDE009628FC /* san_pham1a.png */ = {isa = PBXFileReference; lastKnownFileType = image.png; path = san_pham1a.png; sourceTree = "<group>"; };
		5ADB14811403BAE3009628FC /* sub_category2.png */ = {isa = PBXFileReference; lastKnownFileType = image.png; path = sub_category2.png; sourceTree = "<group>"; };
		5AE6A8FF13E7DA0000A292BD /* big_home.jpg */ = {isa = PBXFileReference; lastKnownFileType = image.jpeg; path = big_home.jpg; sourceTree = "<group>"; };
		5AE7667013DE54EA00209326 /* lion.png */ = {isa = PBXFileReference; lastKnownFileType = image.png; name = lion.png; path = ../../../../Downloads/vladstudio_lion_icon/lion.png; sourceTree = "<group>"; };
		5AE7667213DE557200209326 /* ItemsViewController.h */ = {isa = PBXFileReference; fileEncoding = 4; lastKnownFileType = sourcecode.c.h; path = ItemsViewController.h; sourceTree = "<group>"; };
		5AE7667313DE557200209326 /* ItemsViewController.m */ = {isa = PBXFileReference; fileEncoding = 4; lastKnownFileType = sourcecode.c.objc; path = ItemsViewController.m; sourceTree = "<group>"; };
		5AE7667413DE557200209326 /* ItemsViewController.xib */ = {isa = PBXFileReference; fileEncoding = 4; lastKnownFileType = file.xib; path = ItemsViewController.xib; sourceTree = "<group>"; };
		5AE7667713DE582100209326 /* ItemDetailsViewController.h */ = {isa = PBXFileReference; fileEncoding = 4; lastKnownFileType = sourcecode.c.h; path = ItemDetailsViewController.h; sourceTree = "<group>"; };
		5AE7667813DE582200209326 /* ItemDetailsViewController.m */ = {isa = PBXFileReference; fileEncoding = 4; lastKnownFileType = sourcecode.c.objc; path = ItemDetailsViewController.m; sourceTree = "<group>"; };
		5AE7667913DE582200209326 /* ItemDetailsViewController.xib */ = {isa = PBXFileReference; fileEncoding = 4; lastKnownFileType = file.xib; path = ItemDetailsViewController.xib; sourceTree = "<group>"; };
		5AE7667C13DE586700209326 /* lion_big.png */ = {isa = PBXFileReference; lastKnownFileType = image.png; path = lion_big.png; sourceTree = "<group>"; };
		5AE7667E13DE726C00209326 /* image1.png */ = {isa = PBXFileReference; lastKnownFileType = image.png; path = image1.png; sourceTree = "<group>"; };
		5AE7667F13DE726C00209326 /* image2.png */ = {isa = PBXFileReference; lastKnownFileType = image.png; path = image2.png; sourceTree = "<group>"; };
		5AE7668013DE726D00209326 /* image3.png */ = {isa = PBXFileReference; lastKnownFileType = image.png; path = image3.png; sourceTree = "<group>"; };
		5AE7668113DE726D00209326 /* image4.png */ = {isa = PBXFileReference; lastKnownFileType = image.png; path = image4.png; sourceTree = "<group>"; };
		5AE7668213DE726E00209326 /* image5.png */ = {isa = PBXFileReference; lastKnownFileType = image.png; path = image5.png; sourceTree = "<group>"; };
		5AE7668313DE726E00209326 /* image6.png */ = {isa = PBXFileReference; lastKnownFileType = image.png; path = image6.png; sourceTree = "<group>"; };
		5AE7668413DE726E00209326 /* image7.png */ = {isa = PBXFileReference; lastKnownFileType = image.png; path = image7.png; sourceTree = "<group>"; };
		5AE7668513DE726F00209326 /* image.png */ = {isa = PBXFileReference; lastKnownFileType = image.png; path = image.png; sourceTree = "<group>"; };
		5AE7668613DE726F00209326 /* image9.png */ = {isa = PBXFileReference; lastKnownFileType = image.png; path = image9.png; sourceTree = "<group>"; };
		5AE7668713DE727000209326 /* image8.png */ = {isa = PBXFileReference; lastKnownFileType = image.png; path = image8.png; sourceTree = "<group>"; };
		5AF4040913DD6F310023E887 /* CategoryViewController.h */ = {isa = PBXFileReference; fileEncoding = 4; lastKnownFileType = sourcecode.c.h; path = CategoryViewController.h; sourceTree = "<group>"; };
		5AF4040A13DD6F310023E887 /* CategoryViewController.m */ = {isa = PBXFileReference; fileEncoding = 4; lastKnownFileType = sourcecode.c.objc; path = CategoryViewController.m; sourceTree = "<group>"; };
		5AF4040B13DD6F310023E887 /* CategoryViewController.xib */ = {isa = PBXFileReference; fileEncoding = 4; lastKnownFileType = file.xib; path = CategoryViewController.xib; sourceTree = "<group>"; };
		5AF4040E13DD70000023E887 /* CatalogueViewController.h */ = {isa = PBXFileReference; fileEncoding = 4; lastKnownFileType = sourcecode.c.h; path = CatalogueViewController.h; sourceTree = "<group>"; };
		5AF4040F13DD70000023E887 /* CatalogueViewController.m */ = {isa = PBXFileReference; fileEncoding = 4; lastKnownFileType = sourcecode.c.objc; path = CatalogueViewController.m; sourceTree = "<group>"; };
		5AF4041013DD70000023E887 /* CatalogueViewController.xib */ = {isa = PBXFileReference; fileEncoding = 4; lastKnownFileType = file.xib; path = CatalogueViewController.xib; sourceTree = "<group>"; };
		5AF53EB913E63F5B0031E56C /* HomeViewController.h */ = {isa = PBXFileReference; fileEncoding = 4; lastKnownFileType = sourcecode.c.h; path = HomeViewController.h; sourceTree = "<group>"; };
		5AF53EBA13E63F5B0031E56C /* HomeViewController.m */ = {isa = PBXFileReference; fileEncoding = 4; lastKnownFileType = sourcecode.c.objc; path = HomeViewController.m; sourceTree = "<group>"; };
		5AF53EBB13E63F5B0031E56C /* HomeViewController.xib */ = {isa = PBXFileReference; fileEncoding = 4; lastKnownFileType = file.xib; path = HomeViewController.xib; sourceTree = "<group>"; };
		5AF9527F13E8E80700BF9D87 /* sub_category1.png */ = {isa = PBXFileReference; lastKnownFileType = image.png; path = sub_category1.png; sourceTree = "<group>"; };
		5AF9528213E8EFE800BF9D87 /* ProductSliderViewController.h */ = {isa = PBXFileReference; fileEncoding = 4; lastKnownFileType = sourcecode.c.h; path = ProductSliderViewController.h; sourceTree = "<group>"; };
		5AF9528313E8EFE800BF9D87 /* ProductSliderViewController.m */ = {isa = PBXFileReference; fileEncoding = 4; lastKnownFileType = sourcecode.c.objc; path = ProductSliderViewController.m; sourceTree = "<group>"; };
		5AF9528413E8EFE800BF9D87 /* ProductSliderViewController.xib */ = {isa = PBXFileReference; fileEncoding = 4; lastKnownFileType = file.xib; path = ProductSliderViewController.xib; sourceTree = "<group>"; };
		5AF9528713E8F9F500BF9D87 /* san_pham1.jpg */ = {isa = PBXFileReference; lastKnownFileType = image.jpeg; path = san_pham1.jpg; sourceTree = "<group>"; };
/* End PBXFileReference section */

/* Begin PBXFrameworksBuildPhase section */
		5A971E3113DD6256008A19BE /* Frameworks */ = {
			isa = PBXFrameworksBuildPhase;
			buildActionMask = 2147483647;
			files = (
				5A971E3913DD6256008A19BE /* UIKit.framework in Frameworks */,
				5A971E3B13DD6256008A19BE /* Foundation.framework in Frameworks */,
				5A971E3D13DD6256008A19BE /* CoreGraphics.framework in Frameworks */,
			);
			runOnlyForDeploymentPostprocessing = 0;
		};
		5A971E5A13DD6256008A19BE /* Frameworks */ = {
			isa = PBXFrameworksBuildPhase;
			buildActionMask = 2147483647;
			files = (
				5A971E6013DD6256008A19BE /* SenTestingKit.framework in Frameworks */,
				5A971E6113DD6256008A19BE /* UIKit.framework in Frameworks */,
				5A971E6213DD6256008A19BE /* Foundation.framework in Frameworks */,
				5A971E6313DD6256008A19BE /* CoreGraphics.framework in Frameworks */,
			);
			runOnlyForDeploymentPostprocessing = 0;
		};
/* End PBXFrameworksBuildPhase section */

/* Begin PBXGroup section */
		5A971E2913DD6256008A19BE = {
			isa = PBXGroup;
			children = (
				5A971E3E13DD6256008A19BE /* ipc */,
				5A971E3713DD6256008A19BE /* Frameworks */,
				5A971E3513DD6256008A19BE /* Products */,
			);
			sourceTree = "<group>";
		};
		5A971E3513DD6256008A19BE /* Products */ = {
			isa = PBXGroup;
			children = (
				5A971E3413DD6256008A19BE /* ipc.app */,
				5A971E5E13DD6256008A19BE /* ipcTests.octest */,
			);
			name = Products;
			sourceTree = "<group>";
		};
		5A971E3713DD6256008A19BE /* Frameworks */ = {
			isa = PBXGroup;
			children = (
				5A971E3813DD6256008A19BE /* UIKit.framework */,
				5A971E3A13DD6256008A19BE /* Foundation.framework */,
				5A971E3C13DD6256008A19BE /* CoreGraphics.framework */,
				5A971E5F13DD6256008A19BE /* SenTestingKit.framework */,
			);
			name = Frameworks;
			sourceTree = "<group>";
		};
		5A971E3E13DD6256008A19BE /* ipc */ = {
			isa = PBXGroup;
			children = (
				5A971E4713DD6256008A19BE /* ipcAppDelegate.h */,
				5A971E4813DD6256008A19BE /* ipcAppDelegate.m */,
				5A971E4A13DD6256008A19BE /* MainWindow.xib */,
				5A971E4D13DD6256008A19BE /* FirstViewController.h */,
				5A971E4E13DD6256008A19BE /* FirstViewController.m */,
				5A971E5013DD6256008A19BE /* SecondViewController.h */,
				5A971E5113DD6256008A19BE /* SecondViewController.m */,
				5A971E5313DD6256008A19BE /* FirstView.xib */,
				5A971E5613DD6256008A19BE /* SecondView.xib */,
				5A971E3F13DD6256008A19BE /* Supporting Files */,
				5AF53EB913E63F5B0031E56C /* HomeViewController.h */,
				5AF53EBA13E63F5B0031E56C /* HomeViewController.m */,
				5AF53EBB13E63F5B0031E56C /* HomeViewController.xib */,
				5A9C86B213E8032800DC35C9 /* SubcategoryViewController.h */,
				5A9C86B313E8032800DC35C9 /* SubcategoryViewController.m */,
				5A9C86B413E8032800DC35C9 /* SubcategoryViewController.xib */,
				5AF9528213E8EFE800BF9D87 /* ProductSliderViewController.h */,
				5AF9528313E8EFE800BF9D87 /* ProductSliderViewController.m */,
				5AF9528413E8EFE800BF9D87 /* ProductSliderViewController.xib */,
				5ADB147114036173009628FC /* BigProductSliderViewController.h */,
				5ADB147214036173009628FC /* BigProductSliderViewController.m */,
				5ADB147314036173009628FC /* BigProductSliderViewController.xib */,
				5ADB1476140381DE009628FC /* ProductsDetailsSliderViewController.h */,
				5ADB1477140381DE009628FC /* ProductsDetailsSliderViewController.m */,
				5ADB1478140381DE009628FC /* ProductsDetailsSliderViewController.xib */,
				5AF4040913DD6F310023E887 /* CategoryViewController.h */,
				5AF4040A13DD6F310023E887 /* CategoryViewController.m */,
				5AF4040B13DD6F310023E887 /* CategoryViewController.xib */,
				5AF4040E13DD70000023E887 /* CatalogueViewController.h */,
				5AF4040F13DD70000023E887 /* CatalogueViewController.m */,
				5AF4041013DD70000023E887 /* CatalogueViewController.xib */,
				5AE7667213DE557200209326 /* ItemsViewController.h */,
				5AE7667313DE557200209326 /* ItemsViewController.m */,
				5AE7667413DE557200209326 /* ItemsViewController.xib */,
				5AE7667713DE582100209326 /* ItemDetailsViewController.h */,
				5AE7667813DE582200209326 /* ItemDetailsViewController.m */,
				5AE7667913DE582200209326 /* ItemDetailsViewController.xib */,
				5AE7669213DE727800209326 /* images */,
			);
			path = ipc;
			sourceTree = "<group>";
		};
		5A971E3F13DD6256008A19BE /* Supporting Files */ = {
			isa = PBXGroup;
			children = (
				5A971E4013DD6256008A19BE /* ipc-Info.plist */,
				5A971E4113DD6256008A19BE /* InfoPlist.strings */,
				5A971E4413DD6256008A19BE /* main.m */,
				5A971E4613DD6256008A19BE /* ipc-Prefix.pch */,
			);
			name = "Supporting Files";
			sourceTree = "<group>";
		};
		5AE7669213DE727800209326 /* images */ = {
			isa = PBXGroup;
			children = (
				5ADB147B14038DDE009628FC /* san_pham1a.png */,
				5AF9528713E8F9F500BF9D87 /* san_pham1.jpg */,
				5AF9527F13E8E80700BF9D87 /* sub_category1.png */,
				5ADB14811403BAE3009628FC /* sub_category2.png */,
				5A9C86AE13E7F49200DC35C9 /* small_home4.jpg */,
				5A9C86AC13E7F3FE00DC35C9 /* small_home3.jpg */,
				5A9C86B013E7F54900DC35C9 /* small_home2.jpg */,
				5A9C86A913E7F38400DC35C9 /* small_home1.jpg */,
				5ABE446513E2B25E00D94130 /* 2308.jpg */,
				5AE6A8FF13E7DA0000A292BD /* big_home.jpg */,
				5AE7667E13DE726C00209326 /* image1.png */,
				5AE7667F13DE726C00209326 /* image2.png */,
				5AE7668013DE726D00209326 /* image3.png */,
				5AE7668113DE726D00209326 /* image4.png */,
				5AE7668213DE726E00209326 /* image5.png */,
				5AE7668313DE726E00209326 /* image6.png */,
				5AE7668413DE726E00209326 /* image7.png */,
				5AE7668513DE726F00209326 /* image.png */,
				5AE7668613DE726F00209326 /* image9.png */,
				5AE7668713DE727000209326 /* image8.png */,
				5AE7667013DE54EA00209326 /* lion.png */,
				5AE7667C13DE586700209326 /* lion_big.png */,
			);
			name = images;
			sourceTree = "<group>";
		};
/* End PBXGroup section */

/* Begin PBXNativeTarget section */
		5A971E3313DD6256008A19BE /* ipc */ = {
			isa = PBXNativeTarget;
			buildConfigurationList = 5A971E7213DD6256008A19BE /* Build configuration list for PBXNativeTarget "ipc" */;
			buildPhases = (
				5A971E3013DD6256008A19BE /* Sources */,
				5A971E3113DD6256008A19BE /* Frameworks */,
				5A971E3213DD6256008A19BE /* Resources */,
			);
			buildRules = (
			);
			dependencies = (
			);
			name = ipc;
			productName = ipc;
			productReference = 5A971E3413DD6256008A19BE /* ipc.app */;
			productType = "com.apple.product-type.application";
		};
		5A971E5D13DD6256008A19BE /* ipcTests */ = {
			isa = PBXNativeTarget;
			buildConfigurationList = 5A971E7513DD6256008A19BE /* Build configuration list for PBXNativeTarget "ipcTests" */;
			buildPhases = (
				5A971E5913DD6256008A19BE /* Sources */,
				5A971E5A13DD6256008A19BE /* Frameworks */,
				5A971E5B13DD6256008A19BE /* Resources */,
				5A971E5C13DD6256008A19BE /* ShellScript */,
			);
			buildRules = (
			);
			dependencies = (
				5A971E6513DD6256008A19BE /* PBXTargetDependency */,
			);
			name = ipcTests;
			productName = ipcTests;
			productReference = 5A971E5E13DD6256008A19BE /* ipcTests.octest */;
			productType = "com.apple.product-type.bundle";
		};
/* End PBXNativeTarget section */

/* Begin PBXProject section */
		5A971E2B13DD6256008A19BE /* Project object */ = {
			isa = PBXProject;
			buildConfigurationList = 5A971E2E13DD6256008A19BE /* Build configuration list for PBXProject "ipc" */;
			compatibilityVersion = "Xcode 3.2";
			developmentRegion = English;
			hasScannedForEncodings = 0;
			knownRegions = (
				en,
			);
			mainGroup = 5A971E2913DD6256008A19BE;
			productRefGroup = 5A971E3513DD6256008A19BE /* Products */;
			projectDirPath = "";
			projectRoot = "";
			targets = (
				5A971E3313DD6256008A19BE /* ipc */,
				5A971E5D13DD6256008A19BE /* ipcTests */,
			);
		};
/* End PBXProject section */

/* Begin PBXResourcesBuildPhase section */
		5A971E3213DD6256008A19BE /* Resources */ = {
			isa = PBXResourcesBuildPhase;
			buildActionMask = 2147483647;
			files = (
				5A971E4313DD6256008A19BE /* InfoPlist.strings in Resources */,
				5A971E4C13DD6256008A19BE /* MainWindow.xib in Resources */,
				5A971E5513DD6256008A19BE /* FirstView.xib in Resources */,
				5A971E5813DD6256008A19BE /* SecondView.xib in Resources */,
				5AF4040D13DD6F310023E887 /* CategoryViewController.xib in Resources */,
				5AF4041213DD70000023E887 /* CatalogueViewController.xib in Resources */,
				5AE7667113DE54EA00209326 /* lion.png in Resources */,
				5AE7667613DE557200209326 /* ItemsViewController.xib in Resources */,
				5AE7667B13DE582200209326 /* ItemDetailsViewController.xib in Resources */,
				5AE7667D13DE586700209326 /* lion_big.png in Resources */,
				5AE7668813DE727000209326 /* image1.png in Resources */,
				5AE7668913DE727000209326 /* image2.png in Resources */,
				5AE7668A13DE727000209326 /* image3.png in Resources */,
				5AE7668B13DE727000209326 /* image4.png in Resources */,
				5AE7668C13DE727000209326 /* image5.png in Resources */,
				5AE7668D13DE727000209326 /* image6.png in Resources */,
				5AE7668E13DE727000209326 /* image7.png in Resources */,
				5AE7668F13DE727000209326 /* image.png in Resources */,
				5AE7669013DE727000209326 /* image9.png in Resources */,
				5AE7669113DE727000209326 /* image8.png in Resources */,
				5ABE446613E2B25E00D94130 /* 2308.jpg in Resources */,
				5AF53EBD13E63F5B0031E56C /* HomeViewController.xib in Resources */,
				5AE6A90013E7DA0000A292BD /* big_home.jpg in Resources */,
				5A9C86AA13E7F38400DC35C9 /* small_home1.jpg in Resources */,
				5A9C86AD13E7F3FE00DC35C9 /* small_home3.jpg in Resources */,
				5A9C86AF13E7F49200DC35C9 /* small_home4.jpg in Resources */,
				5A9C86B113E7F54900DC35C9 /* small_home2.jpg in Resources */,
				5A9C86B613E8032800DC35C9 /* SubcategoryViewController.xib in Resources */,
				5AF9528013E8E80700BF9D87 /* sub_category1.png in Resources */,
				5AF9528613E8EFE800BF9D87 /* ProductSliderViewController.xib in Resources */,
				5AF9528813E8F9F500BF9D87 /* san_pham1.jpg in Resources */,
				5ADB147514036173009628FC /* BigProductSliderViewController.xib in Resources */,
				5ADB147A140381DE009628FC /* ProductsDetailsSliderViewController.xib in Resources */,
				5ADB147C14038DDE009628FC /* san_pham1a.png in Resources */,
				5ADB14821403BAE3009628FC /* sub_category2.png in Resources */,
			);
			runOnlyForDeploymentPostprocessing = 0;
		};
		5A971E5B13DD6256008A19BE /* Resources */ = {
			isa = PBXResourcesBuildPhase;
			buildActionMask = 2147483647;
			files = (
			);
			runOnlyForDeploymentPostprocessing = 0;
		};
/* End PBXResourcesBuildPhase section */

/* Begin PBXShellScriptBuildPhase section */
		5A971E5C13DD6256008A19BE /* ShellScript */ = {
			isa = PBXShellScriptBuildPhase;
			buildActionMask = 2147483647;
			files = (
			);
			inputPaths = (
			);
			outputPaths = (
			);
			runOnlyForDeploymentPostprocessing = 0;
			shellPath = /bin/sh;
			shellScript = "# Run the unit tests in this test bundle.\n\"${SYSTEM_DEVELOPER_DIR}/Tools/RunUnitTests\"\n";
		};
/* End PBXShellScriptBuildPhase section */

/* Begin PBXSourcesBuildPhase section */
		5A971E3013DD6256008A19BE /* Sources */ = {
			isa = PBXSourcesBuildPhase;
			buildActionMask = 2147483647;
			files = (
				5A971E4513DD6256008A19BE /* main.m in Sources */,
				5A971E4913DD6256008A19BE /* ipcAppDelegate.m in Sources */,
				5A971E4F13DD6256008A19BE /* FirstViewController.m in Sources */,
				5A971E5213DD6256008A19BE /* SecondViewController.m in Sources */,
				5AF4040C13DD6F310023E887 /* CategoryViewController.m in Sources */,
				5AF4041113DD70000023E887 /* CatalogueViewController.m in Sources */,
				5AE7667513DE557200209326 /* ItemsViewController.m in Sources */,
				5AE7667A13DE582200209326 /* ItemDetailsViewController.m in Sources */,
				5AF53EBC13E63F5B0031E56C /* HomeViewController.m in Sources */,
				5A9C86B513E8032800DC35C9 /* SubcategoryViewController.m in Sources */,
				5AF9528513E8EFE800BF9D87 /* ProductSliderViewController.m in Sources */,
				5ADB147414036173009628FC /* BigProductSliderViewController.m in Sources */,
				5ADB1479140381DE009628FC /* ProductsDetailsSliderViewController.m in Sources */,
			);
			runOnlyForDeploymentPostprocessing = 0;
		};
		5A971E5913DD6256008A19BE /* Sources */ = {
			isa = PBXSourcesBuildPhase;
			buildActionMask = 2147483647;
			files = (
			);
			runOnlyForDeploymentPostprocessing = 0;
		};
/* End PBXSourcesBuildPhase section */

/* Begin PBXTargetDependency section */
		5A971E6513DD6256008A19BE /* PBXTargetDependency */ = {
			isa = PBXTargetDependency;
			target = 5A971E3313DD6256008A19BE /* ipc */;
			targetProxy = 5A971E6413DD6256008A19BE /* PBXContainerItemProxy */;
		};
/* End PBXTargetDependency section */

/* Begin PBXVariantGroup section */
		5A971E4113DD6256008A19BE /* InfoPlist.strings */ = {
			isa = PBXVariantGroup;
			children = (
				5A971E4213DD6256008A19BE /* en */,
			);
			name = InfoPlist.strings;
			sourceTree = "<group>";
		};
		5A971E4A13DD6256008A19BE /* MainWindow.xib */ = {
			isa = PBXVariantGroup;
			children = (
				5A971E4B13DD6256008A19BE /* en */,
			);
			name = MainWindow.xib;
			sourceTree = "<group>";
		};
		5A971E5313DD6256008A19BE /* FirstView.xib */ = {
			isa = PBXVariantGroup;
			children = (
				5A971E5413DD6256008A19BE /* en */,
			);
			name = FirstView.xib;
			sourceTree = "<group>";
		};
		5A971E5613DD6256008A19BE /* SecondView.xib */ = {
			isa = PBXVariantGroup;
			children = (
				5A971E5713DD6256008A19BE /* en */,
			);
			name = SecondView.xib;
			sourceTree = "<group>";
		};
/* End PBXVariantGroup section */

/* Begin XCBuildConfiguration section */
		5A971E7013DD6256008A19BE /* Debug */ = {
			isa = XCBuildConfiguration;
			buildSettings = {
				ALWAYS_SEARCH_USER_PATHS = NO;
				ARCHS = "$(ARCHS_UNIVERSAL_IPHONE_OS)";
				"CODE_SIGN_IDENTITY[sdk=iphoneos*]" = "iPhone Developer";
				COPY_PHASE_STRIP = NO;
				GCC_C_LANGUAGE_STANDARD = gnu99;
				GCC_DYNAMIC_NO_PIC = NO;
				GCC_OPTIMIZATION_LEVEL = 0;
				GCC_PREPROCESSOR_DEFINITIONS = (
					"DEBUG=1",
					"$(inherited)",
				);
				GCC_SYMBOLS_PRIVATE_EXTERN = NO;
				GCC_VERSION = com.apple.compilers.llvmgcc42;
				GCC_WARN_ABOUT_MISSING_PROTOTYPES = YES;
				GCC_WARN_ABOUT_RETURN_TYPE = YES;
				GCC_WARN_UNUSED_VARIABLE = YES;
				IPHONEOS_DEPLOYMENT_TARGET = 4.3;
				SDKROOT = iphoneos;
				TARGETED_DEVICE_FAMILY = 2;
			};
			name = Debug;
		};
		5A971E7113DD6256008A19BE /* Release */ = {
			isa = XCBuildConfiguration;
			buildSettings = {
				ALWAYS_SEARCH_USER_PATHS = NO;
				ARCHS = "$(ARCHS_UNIVERSAL_IPHONE_OS)";
				"CODE_SIGN_IDENTITY[sdk=iphoneos*]" = "iPhone Developer";
				COPY_PHASE_STRIP = YES;
				GCC_C_LANGUAGE_STANDARD = gnu99;
				GCC_VERSION = com.apple.compilers.llvmgcc42;
				GCC_WARN_ABOUT_MISSING_PROTOTYPES = YES;
				GCC_WARN_ABOUT_RETURN_TYPE = YES;
				GCC_WARN_UNUSED_VARIABLE = YES;
				IPHONEOS_DEPLOYMENT_TARGET = 4.3;
				OTHER_CFLAGS = "-DNS_BLOCK_ASSERTIONS=1";
				SDKROOT = iphoneos;
				TARGETED_DEVICE_FAMILY = 2;
				VALIDATE_PRODUCT = YES;
			};
			name = Release;
		};
		5A971E7313DD6256008A19BE /* Debug */ = {
			isa = XCBuildConfiguration;
			buildSettings = {
				GCC_PRECOMPILE_PREFIX_HEADER = YES;
				GCC_PREFIX_HEADER = "ipc/ipc-Prefix.pch";
				INFOPLIST_FILE = "ipc/ipc-Info.plist";
				PRODUCT_NAME = "$(TARGET_NAME)";
				WRAPPER_EXTENSION = app;
			};
			name = Debug;
		};
		5A971E7413DD6256008A19BE /* Release */ = {
			isa = XCBuildConfiguration;
			buildSettings = {
				GCC_PRECOMPILE_PREFIX_HEADER = YES;
				GCC_PREFIX_HEADER = "ipc/ipc-Prefix.pch";
				INFOPLIST_FILE = "ipc/ipc-Info.plist";
				PRODUCT_NAME = "$(TARGET_NAME)";
				WRAPPER_EXTENSION = app;
			};
			name = Release;
		};
		5A971E7613DD6256008A19BE /* Debug */ = {
			isa = XCBuildConfiguration;
			buildSettings = {
				ARCHS = "$(ARCHS_STANDARD_32_BIT)";
				BUNDLE_LOADER = "$(BUILT_PRODUCTS_DIR)/ipc.app/ipc";
				FRAMEWORK_SEARCH_PATHS = (
					"$(SDKROOT)/Developer/Library/Frameworks",
					"$(DEVELOPER_LIBRARY_DIR)/Frameworks",
				);
				GCC_PRECOMPILE_PREFIX_HEADER = YES;
				GCC_PREFIX_HEADER = "ipc/ipc-Prefix.pch";
				INFOPLIST_FILE = "ipcTests/ipcTests-Info.plist";
				PRODUCT_NAME = "$(TARGET_NAME)";
				TEST_HOST = "$(BUNDLE_LOADER)";
				WRAPPER_EXTENSION = octest;
			};
			name = Debug;
		};
		5A971E7713DD6256008A19BE /* Release */ = {
			isa = XCBuildConfiguration;
			buildSettings = {
				ARCHS = "$(ARCHS_STANDARD_32_BIT)";
				BUNDLE_LOADER = "$(BUILT_PRODUCTS_DIR)/ipc.app/ipc";
				FRAMEWORK_SEARCH_PATHS = (
					"$(SDKROOT)/Developer/Library/Frameworks",
					"$(DEVELOPER_LIBRARY_DIR)/Frameworks",
				);
				GCC_PRECOMPILE_PREFIX_HEADER = YES;
				GCC_PREFIX_HEADER = "ipc/ipc-Prefix.pch";
				INFOPLIST_FILE = "ipcTests/ipcTests-Info.plist";
				PRODUCT_NAME = "$(TARGET_NAME)";
				TEST_HOST = "$(BUNDLE_LOADER)";
				WRAPPER_EXTENSION = octest;
			};
			name = Release;
		};
/* End XCBuildConfiguration section */

/* Begin XCConfigurationList section */
		5A971E2E13DD6256008A19BE /* Build configuration list for PBXProject "ipc" */ = {
			isa = XCConfigurationList;
			buildConfigurations = (
				5A971E7013DD6256008A19BE /* Debug */,
				5A971E7113DD6256008A19BE /* Release */,
			);
			defaultConfigurationIsVisible = 0;
			defaultConfigurationName = Release;
		};
		5A971E7213DD6256008A19BE /* Build configuration list for PBXNativeTarget "ipc" */ = {
			isa = XCConfigurationList;
			buildConfigurations = (
				5A971E7313DD6256008A19BE /* Debug */,
				5A971E7413DD6256008A19BE /* Release */,
			);
			defaultConfigurationIsVisible = 0;
			defaultConfigurationName = Release;
		};
		5A971E7513DD6256008A19BE /* Build configuration list for PBXNativeTarget "ipcTests" */ = {
			isa = XCConfigurationList;
			buildConfigurations = (
				5A971E7613DD6256008A19BE /* Debug */,
				5A971E7713DD6256008A19BE /* Release */,
			);
			defaultConfigurationIsVisible = 0;
			defaultConfigurationName = Release;
		};
/* End XCConfigurationList section */
	};
	rootObject = 5A971E2B13DD6256008A19BE /* Project object */;
}
